{
  "version": 1,
  "dependencies": {
    "net8.0-windows7.0": {
      "Humanizer.Core": {
        "type": "Direct",
        "requested": "[3.0.0-beta.54, )",
        "resolved": "3.0.0-beta.54",
        "contentHash": "V1LqoHpfgEUoYJHiboaL6rZS/Wfr/K7xlsL0/SjwWtuFtV1d3bV8sTEPjURHmfxySND8KgQex5WuuuwMBraDog==",
        "dependencies": {
          "System.Memory": "4.5.5",
          "System.ValueTuple": "4.5.0"
        }
      },
      "System.Memory": {
        "type": "Transitive",
        "resolved": "4.5.5",
        "contentHash": "XIWiDvKPXaTveaB7HVganDlOCRoj03l+jrwNvcge/t8vhGYKvqV+dMv6G4SAX2NoNmN0wZfVPTAlFwZcZvVOUw=="
      },
      "System.ValueTuple": {
        "type": "Transitive",
        "resolved": "4.5.0",
        "contentHash": "okurQJO6NRE/apDIP23ajJ0hpiNmJ+f0BwOlB/cSqTLQlw5upkf+5+96+iG2Jw40G1fCVCyPz/FhIABUjMR+RQ=="
      }
    }
  }
}