{
  "version": 1,
  "dependencies": {
    "net7.0-windows7.0": {
      "CsvHelper": {
        "type": "Direct",
        "requested": "[30.0.1, )",
        "resolved": "30.0.1",
        "contentHash": "rcZtgbWR+As4G3Vpgx0AMNmShGuQLFjkHAPIIflzrfkJCx8/AOd4m96ZRmiU1Wi39qS5UVjV0P8qdgqOo5Cwyg=="
      },
      "Dalamud.ContextMenu": {
        "type": "Direct",
        "requested": "[1.3.1, )",
        "resolved": "1.3.1",
        "contentHash": "ptAxut5PiLnzZ4G/KQdHJVcyklC/BF3otHJ7zYVUPiKBjsOCoF0n/6h2jK7e+8ev2Y1yAY3Wtx2GuXLFQgt9Uw=="
      },
      "DalamudPackager": {
        "type": "Direct",
        "requested": "[2.1.12, )",
        "resolved": "2.1.12",
        "contentHash": "Sc0PVxvgg4NQjcI8n10/VfUQBAS4O+Fw2pZrAqBdRMbthYGeogzu5+xmIGCGmsEZ/ukMOBuAqiNiB5qA3MRalg=="
      },
      "SerialQueue": {
        "type": "Direct",
        "requested": "[2.1.0, )",
        "resolved": "2.1.0",
        "contentHash": "rmQcrFXgcrqT9M6+xdxAK/JWx1vFuCRT8fTdce4ALdze2/8N5yMRW9Vmkresw+JpL+JC8zuC1HfDkrfVgBUIqA=="
      },
      "System.Reactive": {
        "type": "Direct",
        "requested": "[5.0.0, )",
        "resolved": "5.0.0",
        "contentHash": "erBZjkQHWL9jpasCE/0qKAryzVBJFxGHVBAvgRN1bzM0q2s1S4oYREEEL0Vb+1kA/6BKb5FjUZMp5VXmy+gzkQ=="
      },
      "CSVFile": {
        "type": "Transitive",
        "resolved": "3.1.0",
        "contentHash": "yz/FptkwDL0bxhaxoyrFPI5SyxUUfuZtbH1E2yLiHHFZFFrSXNnWJHfXSt5Anvy1gWpHCLpC520Bxy6G/Opp1g=="
      },
      "Microsoft.DotNet.PlatformAbstractions": {
        "type": "Transitive",
        "resolved": "5.0.0-preview.5.20278.1",
        "contentHash": "vjHO72XmJdmdFUF/YWvJwetuaop38vljZ7U6icj8HiRhEqJSEBBPvYjdoxBDYW5/bJk+4GAXq18yS4L5XKD2UA=="
      },
      "Microsoft.Extensions.Configuration": {
        "type": "Transitive",
        "resolved": "7.0.0",
        "contentHash": "tldQUBWt/xeH2K7/hMPPo5g8zuLc3Ro9I5d4o/XrxvxOCA2EZBtW7bCHHTc49fcBtvB8tLAb/Qsmfrq+2SJ4vA==",
        "dependencies": {
          "Microsoft.Extensions.Configuration.Abstractions": "7.0.0",
          "Microsoft.Extensions.Primitives": "7.0.0"
        }
      },
      "Microsoft.Extensions.Configuration.Abstractions": {
        "type": "Transitive",
        "resolved": "7.0.0",
        "contentHash": "f34u2eaqIjNO9YLHBz8rozVZ+TcFiFs0F3r7nUJd7FRkVSxk8u4OpoK226mi49MwexHOR2ibP9MFvRUaLilcQQ==",
        "dependencies": {
          "Microsoft.Extensions.Primitives": "7.0.0"
        }
      },
      "Microsoft.Extensions.Configuration.Binder": {
        "type": "Transitive",
        "resolved": "7.0.4",
        "contentHash": "8+XPvJnHZsYgHOQlcMuQe7QNF5KdVKHH1F/wW3nd8/u81Gk/XFAYMDP0Lpz18h7/AM95M662vvqMorcYxCBB4w==",
        "dependencies": {
          "Microsoft.Extensions.Configuration.Abstractions": "7.0.0"
        }
      },
      "Microsoft.Extensions.Configuration.FileExtensions": {
        "type": "Transitive",
        "resolved": "7.0.0",
        "contentHash": "xk2lRJ1RDuqe57BmgvRPyCt6zyePKUmvT6iuXqiHR+/OIIgWVR8Ff5k2p6DwmqY8a17hx/OnrekEhziEIeQP6Q==",
        "dependencies": {
          "Microsoft.Extensions.Configuration": "7.0.0",
          "Microsoft.Extensions.Configuration.Abstractions": "7.0.0",
          "Microsoft.Extensions.FileProviders.Abstractions": "7.0.0",
          "Microsoft.Extensions.FileProviders.Physical": "7.0.0",
          "Microsoft.Extensions.Primitives": "7.0.0"
        }
      },
      "Microsoft.Extensions.Configuration.Json": {
        "type": "Transitive",
        "resolved": "7.0.0",
        "contentHash": "LDNYe3uw76W35Jci+be4LDf2lkQZe0A7EEYQVChFbc509CpZ4Iupod8li4PUXPBhEUOFI/rlQNf5xkzJRQGvtA==",
        "dependencies": {
          "Microsoft.Extensions.Configuration": "7.0.0",
          "Microsoft.Extensions.Configuration.Abstractions": "7.0.0",
          "Microsoft.Extensions.Configuration.FileExtensions": "7.0.0",
          "Microsoft.Extensions.FileProviders.Abstractions": "7.0.0",
          "System.Text.Json": "7.0.0"
        }
      },
      "Microsoft.Extensions.DependencyModel": {
        "type": "Transitive",
        "resolved": "8.0.0-preview.5.23280.8",
        "contentHash": "A9c3yKnzuVQLGvRbAYyfx4oTGrOITUl7oaUxynGQ/8fHyWQjtoqR64o7NtIxYD2TOSqU7IWgteDFAcGLxvuNGg==",
        "dependencies": {
          "System.Text.Encodings.Web": "8.0.0-preview.5.23280.8",
          "System.Text.Json": "8.0.0-preview.5.23280.8"
        }
      },
      "Microsoft.Extensions.FileProviders.Abstractions": {
        "type": "Transitive",
        "resolved": "7.0.0",
        "contentHash": "NyawiW9ZT/liQb34k9YqBSNPLuuPkrjMgQZ24Y/xXX1RoiBkLUdPMaQTmxhZ5TYu8ZKZ9qayzil75JX95vGQUg==",
        "dependencies": {
          "Microsoft.Extensions.Primitives": "7.0.0"
        }
      },
      "Microsoft.Extensions.FileProviders.Physical": {
        "type": "Transitive",
        "resolved": "7.0.0",
        "contentHash": "K8D2MTR+EtzkbZ8z80LrG7Ur64R7ZZdRLt1J5cgpc/pUWl0C6IkAUapPuK28oionHueCPELUqq0oYEvZfalNdg==",
        "dependencies": {
          "Microsoft.Extensions.FileProviders.Abstractions": "7.0.0",
          "Microsoft.Extensions.FileSystemGlobbing": "7.0.0",
          "Microsoft.Extensions.Primitives": "7.0.0"
        }
      },
      "Microsoft.Extensions.FileSystemGlobbing": {
        "type": "Transitive",
        "resolved": "7.0.0",
        "contentHash": "2jONjKHiF+E92ynz2ZFcr9OvxIw+rTGMPEH+UZGeHTEComVav93jQUWGkso8yWwVBcEJGcNcZAaqY01FFJcj7w=="
      },
      "Microsoft.Extensions.Primitives": {
        "type": "Transitive",
        "resolved": "7.0.0",
        "contentHash": "um1KU5kxcRp3CNuI8o/GrZtD4AIOXDk+RLsytjZ9QPok3ttLUelLKpilVPuaFT3TFjOhSibUAso0odbOaCDj3Q=="
      },
      "NativeLibraryLoader": {
        "type": "Transitive",
        "resolved": "1.0.13",
        "contentHash": "78Lg887CZb4W8ZwmcNuoE75/7x//ljw/wnCuaUnThfe/RcAyuorfK9YkxBBpMWXTqfmjCb/FEsBFniySs+HcOQ==",
        "dependencies": {
          "Microsoft.Extensions.DependencyModel": "2.0.3"
        }
      },
      "NaturalSort.Extension": {
        "type": "Transitive",
        "resolved": "3.2.0",
        "contentHash": "E6DE1xnwGYIwvxMeqW/TwJ882q+NL+TBJtW1x+u5u77HMCupL9qBQUkQikFcZYH0oSBr47qLpC/UYx4atTLdQA=="
      },
      "Newtonsoft.Json": {
        "type": "Transitive",
        "resolved": "13.0.3-beta1",
        "contentHash": "P5VfOceZ1ZuVnrz6xiEssjigMv6VLoA4BWXpFk6KJpixf0pM9Y1Nc9zJJYPyfuCmUtw/3seUa/orRNjSh9/NBg=="
      },
      "PolySharp": {
        "type": "Transitive",
        "resolved": "1.10.0",
        "contentHash": "+uNyVhhKOskjJLKOwIQ2qGaA0T507FaMbz5RwLAtmRaMaTAcUAZAiZvSk4Z8z6GkmqOyO1zryYNXmO0Vh7IrYQ=="
      },
      "Serilog": {
        "type": "Transitive",
        "resolved": "2.11.0",
        "contentHash": "ysv+hBzTul6Dp+Hvm10FlhJO3yMQcFKSAleus+LpiIzvNstpeV4Z7gGuIZ1OPNfIMulSHOjmLuGAEDKzpnV8ZQ=="
      },
      "Serilog.Sinks.Async": {
        "type": "Transitive",
        "resolved": "1.5.0",
        "contentHash": "csHYIqAwI4Gy9oAhXYRwxGrQEAtBg3Ep7WaCzsnA1cZuBZjVAU0n7hWaJhItjO7hbLHh/9gRVxALCUB4Dv+gZw==",
        "dependencies": {
          "Serilog": "2.9.0"
        }
      },
      "Serilog.Sinks.Console": {
        "type": "Transitive",
        "resolved": "4.0.1",
        "contentHash": "apLOvSJQLlIbKlbx+Y2UDHSP05kJsV7mou+fvJoRGs/iR+jC22r8cuFVMjjfVxz/AD4B2UCltFhE1naRLXwKNw==",
        "dependencies": {
          "Serilog": "2.10.0"
        }
      },
      "Serilog.Sinks.File": {
        "type": "Transitive",
        "resolved": "5.0.0",
        "contentHash": "uwV5hdhWPwUH1szhO8PJpFiahqXmzPzJT/sOijH/kFgUx+cyoDTMM8MHD0adw9+Iem6itoibbUXHYslzXsLEAg==",
        "dependencies": {
          "Serilog": "2.10.0"
        }
      },
      "SharpGen.Runtime": {
        "type": "Transitive",
        "resolved": "2.0.0-beta.13",
        "contentHash": "H+Up2Er3ptWzcQ+CAO652fEsBLAmoXqKqtvc/6ycRV9XfLN2XJch0h8CwKQ3muD6eADPFf8Xp+nDQ8wDpcRDlg==",
        "dependencies": {
          "PolySharp": "1.10.0"
        }
      },
      "SharpGen.Runtime.COM": {
        "type": "Transitive",
        "resolved": "2.0.0-beta.13",
        "contentHash": "H22LsE3XTIOevf2TJgPgPnfYmjMlCtN+QYZVxzXlgTrgG2jHSTUTKZpIMPbKliLJGCEnDfX6yvBJvya0/xRTkA==",
        "dependencies": {
          "PolySharp": "1.10.0",
          "SharpGen.Runtime": "2.0.0-beta.13"
        }
      },
      "StbiSharp": {
        "type": "Transitive",
        "resolved": "1.2.1",
        "contentHash": "jbi94g3UDVAC3vH6jKZmmADH4Z6tGqbcdlyGhT/WZN9UE8OjjvpGFE5zF+UCSmIdya6iJ+Zo5VvxdQywSKN0Uw=="
      },
      "System.Numerics.Vectors": {
        "type": "Transitive",
        "resolved": "4.5.0",
        "contentHash": "QQTlPTl06J/iiDbJCiepZ4H//BVraReU4O4EoRw1U02H5TLUIT7xn3GnDp9AXPSlJUDyFs4uWjWafNX6WrAojQ=="
      },
      "System.Runtime.CompilerServices.Unsafe": {
        "type": "Transitive",
        "resolved": "6.0.0",
        "contentHash": "/iUeP3tq1S0XdNNoMz5C9twLSrM/TH+qElHkXWaPvuNOt+99G75NrV0OS2EqHx5wMN7popYjpc8oTjC1y16DLg=="
      },
      "System.Text.Encodings.Web": {
        "type": "Transitive",
        "resolved": "8.0.0-preview.5.23280.8",
        "contentHash": "g4I3rXyyQj4AmsooE1z1nCYjXY712foWowYdCep13QajdgNiVOXSBTij2CbqR6+gryMj/x/cInk2TGcBS79ubw=="
      },
      "System.Text.Json": {
        "type": "Transitive",
        "resolved": "8.0.0-preview.5.23280.8",
        "contentHash": "pIbWMzNEuUrO0DAe2T17rloNfrYsHg8MHhmxLOlyPHZgrAXEr3smeZvHaxNGkrJHYPoO7hgmWI9tuTI/kiJT8Q==",
        "dependencies": {
          "System.Text.Encodings.Web": "8.0.0-preview.5.23280.8"
        }
      },
      "Veldrid": {
        "type": "Transitive",
        "resolved": "4.9.0",
        "contentHash": "Rvu7/OLNt6Yy/hbC+rAmjBbxcSirbG/BjOdLCF7kl5mGBkMGka3pLuTlkbXSt4UONh3tks0I7k/OJ7Sr8HFIoA==",
        "dependencies": {
          "NativeLibraryLoader": "1.0.13",
          "Veldrid.MetalBindings": "4.9.0",
          "Veldrid.OpenGLBindings": "4.9.0",
          "Vk": "1.0.25",
          "Vortice.D3DCompiler": "2.3.0",
          "Vortice.Direct3D11": "2.3.0"
        }
      },
      "Veldrid.MetalBindings": {
        "type": "Transitive",
        "resolved": "4.9.0",
        "contentHash": "9qWYalATCT+/smQzFi2IFyEZpLE1l+A1r3tntKao8sYVAe18+P9rDIvpxyIL4T7Ritfm0JU2TnqckXmLenyfhQ==",
        "dependencies": {
          "System.Runtime.CompilerServices.Unsafe": "6.0.0"
        }
      },
      "Veldrid.OpenGLBindings": {
        "type": "Transitive",
        "resolved": "4.9.0",
        "contentHash": "Du3zr+qWQO2Pzsl2iOeLmg23gxdr6BQ9yx5ygmcoBn6nm1AsbG4JMeEIpSGDt8WiTmy2VsUNY0kIGZklkrRoWQ=="
      },
      "Veldrid.SDL2": {
        "type": "Transitive",
        "resolved": "4.9.0",
        "contentHash": "uE0sYIzNOF2DPokzjRel2to3euBRikLfgoxx0f7iQVevbDDYlg0e/DBgG+tDhyNQWrB+ttKaQvR/csoa/R8UmA==",
        "dependencies": {
          "NativeLibraryLoader": "1.0.13",
          "System.Numerics.Vectors": "4.5.0",
          "System.Runtime.CompilerServices.Unsafe": "4.5.0"
        }
      },
      "Veldrid.StartupUtilities": {
        "type": "Transitive",
        "resolved": "4.9.0",
        "contentHash": "45JrS5GajAaoom0HJWtPzYgJlNo8tpXB06mJM4hWxdeBxo3y2OIJIfnnB374KB1d7euodW0XneRzKVhwzZFE5g==",
        "dependencies": {
          "Veldrid": "4.9.0",
          "Veldrid.SDL2": "4.9.0"
        }
      },
      "Vk": {
        "type": "Transitive",
        "resolved": "1.0.25",
        "contentHash": "n1tpY/n9YV7j+wViUD31yc6TQMK3tkcdUXUbJUr3vIVifrRySzq5hpdxUnvC0SvBp8WrbAgowwd1YDvtc+u67A=="
      },
      "Vortice.D3DCompiler": {
        "type": "Transitive",
        "resolved": "2.3.0",
        "contentHash": "o7Jimuvr5gXQrriA8JMfNrZX+eiA5NbRPYOpscMICpKE+oKF/CNYXLI5RTQ/NjNpzIsm2QPEehXivL6IS+e40w==",
        "dependencies": {
          "SharpGen.Runtime": "2.0.0-beta.13",
          "SharpGen.Runtime.COM": "2.0.0-beta.13",
          "Vortice.DirectX": "2.3.0",
          "Vortice.Mathematics": "1.4.25"
        }
      },
      "Vortice.Direct3D11": {
        "type": "Transitive",
        "resolved": "2.3.0",
        "contentHash": "cNpadAL5HTm2zc3ZJhySGVJWgOD12RSX3OEk96j24rLdigfAbvzTtFJgn68gHviYMwwY76ukcobhJNDWZc4a3w==",
        "dependencies": {
          "SharpGen.Runtime": "2.0.0-beta.13",
          "SharpGen.Runtime.COM": "2.0.0-beta.13",
          "Vortice.DXGI": "2.3.0",
          "Vortice.Mathematics": "1.4.25"
        }
      },
      "Vortice.DirectX": {
        "type": "Transitive",
        "resolved": "2.3.0",
        "contentHash": "V+MzrsxG5sLW3PQUlJQ6n3xY8jJGx1l/9Gpy6wbgFuZtDSb9MQmDf/gyfRvrRs1vGNKPht+pg1AJ/qWQrfXJoQ==",
        "dependencies": {
          "SharpGen.Runtime": "2.0.0-beta.13",
          "SharpGen.Runtime.COM": "2.0.0-beta.13",
          "Vortice.Mathematics": "1.4.25"
        }
      },
      "Vortice.DXGI": {
        "type": "Transitive",
        "resolved": "2.3.0",
        "contentHash": "eJDvoLjhHMr78+SOSrPIUSr/JboZ7rx62kGrpj2RQZbhP3+pEdHjL+Z6mXLvkEqozFRFspLmTTI7ZnBKfjc9uQ==",
        "dependencies": {
          "SharpGen.Runtime": "2.0.0-beta.13",
          "SharpGen.Runtime.COM": "2.0.0-beta.13",
          "Vortice.DirectX": "2.3.0",
          "Vortice.Mathematics": "1.4.25"
        }
      },
      "Vortice.Mathematics": {
        "type": "Transitive",
        "resolved": "1.4.25",
        "contentHash": "V2yJMl/QKceXEjYEnf2EWcNkUJI5/zE04cNUnawHbdR0wjMHv1dVTLf0IUJk0D0w29FrCWdQQK/n4L4vx0HeQA=="
      },
      "criticalcommonlib": {
        "type": "Project",
        "dependencies": {
          "DalaMock": "[1.0.0, )",
          "Dalamud.ContextMenu": "[1.3.1, )",
          "LuminaSupplemental.Excel": "[6.0.2, )",
          "NaturalSort.Extension": "[3.2.0, )",
          "SerialQueue": "[2.1.0, )",
          "System.Reactive": "[5.0.0, )"
        }
      },
      "dalamock": {
        "type": "Project",
        "dependencies": {
          "Microsoft.DotNet.PlatformAbstractions": "[5.0.0-preview.5.20278.1, )",
          "Microsoft.Extensions.Configuration": "[7.0.0, )",
          "Microsoft.Extensions.Configuration.Binder": "[7.0.4, )",
          "Microsoft.Extensions.Configuration.Json": "[7.0.0, )",
          "Microsoft.Extensions.DependencyModel": "[8.0.0-preview.5.23280.8, )",
          "Newtonsoft.Json": "[13.0.3-beta1, )",
          "Serilog": "[2.11.0, )",
          "Serilog.Sinks.Async": "[1.5.0, )",
          "Serilog.Sinks.Console": "[4.0.1, )",
          "Serilog.Sinks.File": "[5.0.0, )",
          "StbiSharp": "[1.2.1, )",
          "Veldrid": "[4.9.0, )",
          "Veldrid.SDL2": "[4.9.0, )",
          "Veldrid.StartupUtilities": "[4.9.0, )"
        }
      },
      "luminasupplemental.excel": {
        "type": "Project",
        "dependencies": {
          "CSVFile": "[3.1.0, )",
          "CsvHelper": "[30.0.1, )"
        }
      },
      "ottergui": {
        "type": "Project"
      },
      "tetris": {
        "type": "Project",
        "dependencies": {
          "Dalamud.ContextMenu": "[1.3.1, )"
        }
      }
    }
  }
}