{
  "version": 1,
  "dependencies": {
    "net9.0-windows7.0": {
      "AllaganLib.Interface": {
        "type": "Direct",
        "requested": "[1.3.4, )",
        "resolved": "1.3.4",
        "contentHash": "zr6zprmOusV6X/jju3aZZxCLauPV1Fz7ZAWBia0EXRfqjCVtkt8frY72wEmF3bZJ14d0zaESTVVMuUV1KO1ZRw==",
        "dependencies": {
          "AllaganLib.Data": "1.3.4",
          "AllaganLib.Shared": "1.3.3",
          "Autofac": "8.4.0",
          "Microsoft.Extensions.Logging.Abstractions": "9.0.8",
          "NaturalSort.Extension": "4.3.0"
        }
      },
      "AllaganLib.Monitors": {
        "type": "Direct",
        "requested": "[1.3.3, )",
        "resolved": "1.3.3",
        "contentHash": "nEtBDMzovgVC4aJlPOGIUAtzNhWO04UCu/bdIHeHsD7MpZl6vsrabiIYARrboZGiDkOfdIJJ7JtPN2SwI1vHfg==",
        "dependencies": {
          "AllaganLib.GameSheets": "1.3.3"
        }
      },
      "Autofac": {
        "type": "Direct",
        "requested": "[8.4.0, )",
        "resolved": "8.4.0",
        "contentHash": "XMWHyO6fXTv8rwCfhm6+64mQS6CyL0rve/hWSODsUrVuEGtq1fjxSOlVTBqCRsW6L8K3OQDskJaPB1boVMI2eQ==",
        "dependencies": {
          "System.Diagnostics.DiagnosticSource": "8.0.1"
        }
      },
      "Autofac.Extensions.DependencyInjection": {
        "type": "Direct",
        "requested": "[10.0.0, )",
        "resolved": "10.0.0",
        "contentHash": "ZjR/onUlP7BzQ7VBBigQepWLAyAzi3VRGX3pP6sBqkPRiT61fsTZqbTpRUKxo30TMgbs1o3y6bpLbETix4SJog==",
        "dependencies": {
          "Autofac": "8.1.0",
          "Microsoft.Extensions.DependencyInjection.Abstractions": "8.0.1"
        }
      },
      "CsvHelper": {
        "type": "Direct",
        "requested": "[33.1.0, )",
        "resolved": "33.1.0",
        "contentHash": "kqfTOZGrn7NarNeXgjh86JcpTHUoeQDMB8t9NVa/ZtlSYiV1rxfRnQ49WaJsob4AiGrbK0XDzpyKkBwai4F8eg=="
      },
      "DalaMock.Host": {
        "type": "Direct",
        "requested": "[3.0.6, )",
        "resolved": "3.0.6",
        "contentHash": "HZ/pxQIErvTOX7+x+uE1u90J+5l/uYmKy+F7aU2GnWLs5S4Ba7VXgwlkSBQzzKkp9LnG8QNWRzrBu2OJvTRmvw==",
        "dependencies": {
          "Autofac.Extensions.DependencyInjection": "10.0.0",
          "DalaMock.Shared": "3.0.6",
          "Microsoft.Extensions.Hosting": "9.0.8",
          "Microsoft.Extensions.Hosting.Abstractions": "9.0.8",
          "Microsoft.Extensions.ObjectPool": "9.0.8"
        }
      },
      "DalaMock.Shared": {
        "type": "Direct",
        "requested": "[3.0.6, )",
        "resolved": "3.0.6",
        "contentHash": "b2mISUcDti/VeOyo2JW9aABiwCImi+Xv4j7L90h3bHftpUMxa2DG9h/FxB9DjzXvEAiY2dBYRLcGCfcHf7rvcw==",
        "dependencies": {
          "Autofac": "8.4.0",
          "Microsoft.Extensions.Hosting": "9.0.8",
          "Microsoft.Extensions.Hosting.Abstractions": "9.0.8"
        }
      },
      "DalamudPackager": {
        "type": "Direct",
        "requested": "[13.1.0, )",
        "resolved": "13.1.0",
        "contentHash": "XdoNhJGyFby5M/sdcRhnc5xTop9PHy+H50PTWpzLhJugjB19EDBiHD/AsiDF66RETM+0qKUdJBZrNuebn7qswQ=="
      },
      "DotNet.ReproducibleBuilds": {
        "type": "Direct",
        "requested": "[1.2.25, )",
        "resolved": "1.2.25",
        "contentHash": "xCXiw7BCxHJ8pF6wPepRUddlh2dlQlbr81gXA72hdk4FLHkKXas7EH/n+fk5UCA/YfMqG1Z6XaPiUjDbUNBUzg=="
      },
      "Humanizer.Core": {
        "type": "Direct",
        "requested": "[3.0.0-beta.54, )",
        "resolved": "3.0.0-beta.54",
        "contentHash": "V1LqoHpfgEUoYJHiboaL6rZS/Wfr/K7xlsL0/SjwWtuFtV1d3bV8sTEPjURHmfxySND8KgQex5WuuuwMBraDog==",
        "dependencies": {
          "System.Memory": "4.5.5",
          "System.ValueTuple": "4.5.0"
        }
      },
      "Ionide.KeepAChangelog": {
        "type": "Direct",
        "requested": "[0.2.0, )",
        "resolved": "0.2.0",
        "contentHash": "xNHfGGCVvtL0FH4J3EL3UZqBDz1TUCRwYgV4aEFHtG08NtW6raWZ+3eUPlelXX973l94E0FRx/pT/A7qiEEHjQ==",
        "dependencies": {
          "FParsec": "1.1.1",
          "FSharp.Core": "6.0.5",
          "SemanticVersion": "2.1.0"
        }
      },
      "Microsoft.CodeAnalysis.BannedApiAnalyzers": {
        "type": "Direct",
        "requested": "[4.14.0, )",
        "resolved": "4.14.0",
        "contentHash": "gSWJlDWwmDhtbrEJGiHqvEjz9KthIiFD0qYB8zZ6a7z+xpMSPEtM9yTYELSa58iFWYlzSRqP9FXO6KoT3+ZMtg=="
      },
      "Microsoft.Extensions.Hosting": {
        "type": "Direct",
        "requested": "[9.0.8, )",
        "resolved": "9.0.8",
        "contentHash": "O2VlzORrBbS2it203k5FOHrudDdmdrJovA73P/shdRGeLzvet4e4yXhGx52V2PNjYBQ0IO5M4xiNcL+6xIX6Bg==",
        "dependencies": {
          "Microsoft.Extensions.Configuration": "9.0.8",
          "Microsoft.Extensions.Configuration.Abstractions": "9.0.8",
          "Microsoft.Extensions.Configuration.Binder": "9.0.8",
          "Microsoft.Extensions.Configuration.CommandLine": "9.0.8",
          "Microsoft.Extensions.Configuration.EnvironmentVariables": "9.0.8",
          "Microsoft.Extensions.Configuration.FileExtensions": "9.0.8",
          "Microsoft.Extensions.Configuration.Json": "9.0.8",
          "Microsoft.Extensions.Configuration.UserSecrets": "9.0.8",
          "Microsoft.Extensions.DependencyInjection": "9.0.8",
          "Microsoft.Extensions.DependencyInjection.Abstractions": "9.0.8",
          "Microsoft.Extensions.Diagnostics": "9.0.8",
          "Microsoft.Extensions.FileProviders.Abstractions": "9.0.8",
          "Microsoft.Extensions.FileProviders.Physical": "9.0.8",
          "Microsoft.Extensions.Hosting.Abstractions": "9.0.8",
          "Microsoft.Extensions.Logging": "9.0.8",
          "Microsoft.Extensions.Logging.Abstractions": "9.0.8",
          "Microsoft.Extensions.Logging.Configuration": "9.0.8",
          "Microsoft.Extensions.Logging.Console": "9.0.8",
          "Microsoft.Extensions.Logging.Debug": "9.0.8",
          "Microsoft.Extensions.Logging.EventLog": "9.0.8",
          "Microsoft.Extensions.Logging.EventSource": "9.0.8",
          "Microsoft.Extensions.Options": "9.0.8"
        }
      },
      "SerialQueue": {
        "type": "Direct",
        "requested": "[2.1.0, )",
        "resolved": "2.1.0",
        "contentHash": "rmQcrFXgcrqT9M6+xdxAK/JWx1vFuCRT8fTdce4ALdze2/8N5yMRW9Vmkresw+JpL+JC8zuC1HfDkrfVgBUIqA=="
      },
      "SonarAnalyzer.CSharp": {
        "type": "Direct",
        "requested": "[10.15.0.120848, )",
        "resolved": "10.15.0.120848",
        "contentHash": "1hM3HVRl5jdC/ZBDu+G7CCYLXRGe/QaP01Zy+c9ETPhY7lWD8g8HiefY6sGaH0T3CJ4wAy0/waGgQTh0TYy0oQ=="
      },
      "System.Reactive": {
        "type": "Direct",
        "requested": "[6.0.1, )",
        "resolved": "6.0.1",
        "contentHash": "rHaWtKDwCi9qJ3ObKo8LHPMuuwv33YbmQi7TcUK1C264V3MFnOr5Im7QgCTdLniztP3GJyeiSg5x8NqYJFqRmg=="
      },
      "AllaganLib.Data": {
        "type": "Transitive",
        "resolved": "1.3.4",
        "contentHash": "US0VpZ8HoG2LaOTfARVEmC/E4J7iudP3WiXqZFIkcd8dSvCz7s1HWiHUGGfdthJDu8kifU5xb6RHG2jUikm4nQ==",
        "dependencies": {
          "CSVFile": "3.2.0"
        }
      },
      "AllaganLib.GameSheets": {
        "type": "Transitive",
        "resolved": "1.3.3",
        "contentHash": "fbe2GhcOFrCVgP57r1vTy5M/Mqgc5HHsX9HuQzAxTxwUs2bTiQ2k67WHvcgKyE42ahngM+iaVmyU9EH6cgvvjQ==",
        "dependencies": {
          "AllaganLib.Shared": "1.3.3",
          "Autofac": "8.4.0",
          "Autofac.Extensions.DependencyInjection": "10.0.0",
          "CSVFile": "3.2.0",
          "LuminaSupplemental.Excel": "3.0.3"
        }
      },
      "AllaganLib.Shared": {
        "type": "Transitive",
        "resolved": "1.3.3",
        "contentHash": "D6Ic3iH9IqCF9WeyVybgG9l5V6n4O2Y+lhn4HVlts5L1AwdGlmoMeLE/Z0QNpmVIDC6AzSA6TXcjM75fmjR9fQ==",
        "dependencies": {
          "Autofac": "8.4.0",
          "Microsoft.Extensions.Hosting": "9.0.8",
          "Microsoft.Extensions.Hosting.Abstractions": "9.0.8",
          "Microsoft.Extensions.Logging.Abstractions": "9.0.8"
        }
      },
      "CSVFile": {
        "type": "Transitive",
        "resolved": "3.2.0",
        "contentHash": "sEVTg2rdBomJbh5bKCQqBtTgA0ojnkMab/hGwQ73UWy20n8jcJTLZ2dDKmnKPD0kTHMEeJK9TXpCgHn+RMcBYg=="
      },
      "FParsec": {
        "type": "Transitive",
        "resolved": "1.1.1",
        "contentHash": "Wdjf/gCNLEwd+0nUCDh9jAIIcKGwfhRramySTnTcVVgNC6i4Vp5aJklUJJfvFkEZMYNZEDGcI8pCa36/TmwmSg==",
        "dependencies": {
          "FSharp.Core": "4.3.4"
        }
      },
      "FSharp.Core": {
        "type": "Transitive",
        "resolved": "6.0.5",
        "contentHash": "FwdQVtpj34xt8vKyFUUeNIS+obWlEnSrSW7y1ivRVts/ZsrUsKyOd0bZehgFhWdnB/NBsa9DCWvNFMTO0XDFcg=="
      },
      "JetBrains.Annotations": {
        "type": "Transitive",
        "resolved": "2024.3.0",
        "contentHash": "ox5pkeLQXjvJdyAB4b2sBYAlqZGLh3PjSnP1bQNVx72ONuTJ9+34/+Rq91Fc0dG29XG9RgZur9+NcP4riihTug=="
      },
      "LuminaSupplemental.Excel": {
        "type": "Transitive",
        "resolved": "3.0.3",
        "contentHash": "F2hp3IyDu2M763sLf10yX+xQseHSjywkdZi/ohtXFfvMfQaedIE83r/RK/GrXf1a+dctSRFwpSj+WHwZ4EuUdQ==",
        "dependencies": {
          "CSVFile": "3.2.0",
          "CsvHelper": "30.0.1",
          "Sylvan.Data.Csv": "1.3.9"
        }
      },
      "Microsoft.Extensions.Configuration": {
        "type": "Transitive",
        "resolved": "9.0.8",
        "contentHash": "6m+8Xgmf8UWL0p/oGqBM+0KbHE5/ePXbV1hKXgC59zEv0aa0DW5oiiyxDbK5kH5j4gIvyD5uWL0+HadKBJngvQ==",
        "dependencies": {
          "Microsoft.Extensions.Configuration.Abstractions": "9.0.8",
          "Microsoft.Extensions.Primitives": "9.0.8"
        }
      },
      "Microsoft.Extensions.Configuration.Abstractions": {
        "type": "Transitive",
        "resolved": "9.0.8",
        "contentHash": "yNou2KM35RvzOh4vUFtl2l33rWPvOCoba+nzEDJ+BgD8aOL/jew4WPCibQvntRfOJ2pJU8ARygSMD+pdjvDHuA==",
        "dependencies": {
          "Microsoft.Extensions.Primitives": "9.0.8"
        }
      },
      "Microsoft.Extensions.Configuration.Binder": {
        "type": "Transitive",
        "resolved": "9.0.8",
        "contentHash": "0vK9DnYrYChdiH3yRZWkkp4x4LbrfkWEdBc5HOsQ8t/0CLOWKXKkkhOE8A1shlex0hGydbGrhObeypxz/QTm+w==",
        "dependencies": {
          "Microsoft.Extensions.Configuration.Abstractions": "9.0.8"
        }
      },
      "Microsoft.Extensions.Configuration.CommandLine": {
        "type": "Transitive",
        "resolved": "9.0.8",
        "contentHash": "vB6eDQ5prED5jHBqmSDNYzlCXsTSylYY7co9c7guhnz0zhx+jZ8BTHgO7y/Wl1dV2jAO15mKNWuyHRIRtWwGQg==",
        "dependencies": {
          "Microsoft.Extensions.Configuration": "9.0.8",
          "Microsoft.Extensions.Configuration.Abstractions": "9.0.8"
        }
      },
      "Microsoft.Extensions.Configuration.EnvironmentVariables": {
        "type": "Transitive",
        "resolved": "9.0.8",
        "contentHash": "9qileEYXDodlPN9DfPd5sHSfU2nSrI1r5BHVqLaLyb/7mPi335cy4ar/0ix4tXb2Aer/Pu4e5/zdwxt7lrtSyQ==",
        "dependencies": {
          "Microsoft.Extensions.Configuration": "9.0.8",
          "Microsoft.Extensions.Configuration.Abstractions": "9.0.8"
        }
      },
      "Microsoft.Extensions.Configuration.FileExtensions": {
        "type": "Transitive",
        "resolved": "9.0.8",
        "contentHash": "2jgx58Jpk3oKT7KRn8x/cFf3QDTjQP+KUbyBnynAcB2iBx1Eq9EdNMCu0QEbYuaZOaQru/Kwdffary+hn58Wwg==",
        "dependencies": {
          "Microsoft.Extensions.Configuration": "9.0.8",
          "Microsoft.Extensions.Configuration.Abstractions": "9.0.8",
          "Microsoft.Extensions.FileProviders.Abstractions": "9.0.8",
          "Microsoft.Extensions.FileProviders.Physical": "9.0.8",
          "Microsoft.Extensions.Primitives": "9.0.8"
        }
      },
      "Microsoft.Extensions.Configuration.Json": {
        "type": "Transitive",
        "resolved": "9.0.8",
        "contentHash": "vjxzcnL7ul322+kpvELisXaZl8/5MYs6JfI9DZLQWsao1nA/4FL48yPwDK986hbJTWc64JxOOaMym0SQ/dy32w==",
        "dependencies": {
          "Microsoft.Extensions.Configuration": "9.0.8",
          "Microsoft.Extensions.Configuration.Abstractions": "9.0.8",
          "Microsoft.Extensions.Configuration.FileExtensions": "9.0.8",
          "Microsoft.Extensions.FileProviders.Abstractions": "9.0.8"
        }
      },
      "Microsoft.Extensions.Configuration.UserSecrets": {
        "type": "Transitive",
        "resolved": "9.0.8",
        "contentHash": "UgH18nQkuMJgxjn1539I83N6LhnKQlLhQm3ppe+PGsFpYsC6eGpF/1KvDRm/bmqsrg0NXhurrv4k2r0e8vWX/Q==",
        "dependencies": {
          "Microsoft.Extensions.Configuration.Abstractions": "9.0.8",
          "Microsoft.Extensions.Configuration.Json": "9.0.8",
          "Microsoft.Extensions.FileProviders.Abstractions": "9.0.8",
          "Microsoft.Extensions.FileProviders.Physical": "9.0.8"
        }
      },
      "Microsoft.Extensions.DependencyInjection": {
        "type": "Transitive",
        "resolved": "9.0.8",
        "contentHash": "JJjI2Fa+QtZcUyuNjbKn04OjIUX5IgFGFu/Xc+qvzh1rXdZHLcnqqVXhR4093bGirTwacRlHiVg1XYI9xum6QQ==",
        "dependencies": {
          "Microsoft.Extensions.DependencyInjection.Abstractions": "9.0.8"
        }
      },
      "Microsoft.Extensions.DependencyInjection.Abstractions": {
        "type": "Transitive",
        "resolved": "9.0.8",
        "contentHash": "xY3lTjj4+ZYmiKIkyWitddrp1uL5uYiweQjqo4BKBw01ZC4HhcfgLghDpPZcUlppgWAFqFy9SgkiYWOMx365pw=="
      },
      "Microsoft.Extensions.Diagnostics": {
        "type": "Transitive",
        "resolved": "9.0.8",
        "contentHash": "BKkLCFXzJvNmdngeYBf72VXoZqTJSb1orvjdzDLaGobicoGFBPW8ug2ru1nnEewMEwJzMgnsjHQY8EaKWmVhKg==",
        "dependencies": {
          "Microsoft.Extensions.Configuration": "9.0.8",
          "Microsoft.Extensions.Diagnostics.Abstractions": "9.0.8",
          "Microsoft.Extensions.Options.ConfigurationExtensions": "9.0.8"
        }
      },
      "Microsoft.Extensions.Diagnostics.Abstractions": {
        "type": "Transitive",
        "resolved": "9.0.8",
        "contentHash": "UDY7blv4DCyIJ/8CkNrQKLaAZFypXQavRZ2DWf/2zi1mxYYKKw2t8AOCBWxNntyPZHPGhtEmL3snFM98ADZqTw==",
        "dependencies": {
          "Microsoft.Extensions.DependencyInjection.Abstractions": "9.0.8",
          "Microsoft.Extensions.Options": "9.0.8"
        }
      },
      "Microsoft.Extensions.FileProviders.Abstractions": {
        "type": "Transitive",
        "resolved": "9.0.8",
        "contentHash": "4zZbQ4w+hCMm9J+z5NOj3giIPT2MhZxx05HX/MGuAmDBbjOuXlYIIRN+t4V6OLxy5nXZIcXO+dQMB/OWubuDkw==",
        "dependencies": {
          "Microsoft.Extensions.Primitives": "9.0.8"
        }
      },
      "Microsoft.Extensions.FileProviders.Physical": {
        "type": "Transitive",
        "resolved": "9.0.8",
        "contentHash": "FlOe2i7UUIfY0l0ChaIYtlXjdWWutR4DMRKZaGD6z4G1uVTteFkbBfxUIoi1uGmrZQxXe/yv/cfwiT0tK2xyXA==",
        "dependencies": {
          "Microsoft.Extensions.FileProviders.Abstractions": "9.0.8",
          "Microsoft.Extensions.FileSystemGlobbing": "9.0.8",
          "Microsoft.Extensions.Primitives": "9.0.8"
        }
      },
      "Microsoft.Extensions.FileSystemGlobbing": {
        "type": "Transitive",
        "resolved": "9.0.8",
        "contentHash": "96Ub5LmwYfIGVoXkbe4kjs+ivK6fLBTwKJAOMfUNV0R+AkZRItlgROFqXEWMUlXBTPM1/kKu26Ueu5As6RDzJA=="
      },
      "Microsoft.Extensions.Hosting.Abstractions": {
        "type": "Transitive",
        "resolved": "9.0.8",
        "contentHash": "WNrad20tySNCPe9aJUK7Wfwh+RiyLF+id02FKW8Qfc+HAzNQHazcqMXAbwG/kmbS89uvan/nKK1MufkRahjrJA==",
        "dependencies": {
          "Microsoft.Extensions.Configuration.Abstractions": "9.0.8",
          "Microsoft.Extensions.DependencyInjection.Abstractions": "9.0.8",
          "Microsoft.Extensions.Diagnostics.Abstractions": "9.0.8",
          "Microsoft.Extensions.FileProviders.Abstractions": "9.0.8",
          "Microsoft.Extensions.Logging.Abstractions": "9.0.8"
        }
      },
      "Microsoft.Extensions.Logging": {
        "type": "Transitive",
        "resolved": "9.0.8",
        "contentHash": "Z/7ze+0iheT7FJeZPqJKARYvyC2bmwu3whbm/48BJjdlGVvgDguoCqJIkI/67NkroTYobd5geai1WheNQvWrgA==",
        "dependencies": {
          "Microsoft.Extensions.DependencyInjection": "9.0.8",
          "Microsoft.Extensions.Logging.Abstractions": "9.0.8",
          "Microsoft.Extensions.Options": "9.0.8"
        }
      },
      "Microsoft.Extensions.Logging.Abstractions": {
        "type": "Transitive",
        "resolved": "9.0.8",
        "contentHash": "pYnAffJL7ARD/HCnnPvnFKSIHnTSmWz84WIlT9tPeQ4lHNiu0Az7N/8itihWvcF8sT+VVD5lq8V+ckMzu4SbOw==",
        "dependencies": {
          "Microsoft.Extensions.DependencyInjection.Abstractions": "9.0.8"
        }
      },
      "Microsoft.Extensions.Logging.Configuration": {
        "type": "Transitive",
        "resolved": "9.0.8",
        "contentHash": "Us4evDN3lbp1beVgrpxkSXKrbntVGAK+YbSo9P9driiU9PK05+ShhgesJ3aj7SuDfr3mqqcEgrMJ87Vu8t5dhw==",
        "dependencies": {
          "Microsoft.Extensions.Configuration": "9.0.8",
          "Microsoft.Extensions.Configuration.Abstractions": "9.0.8",
          "Microsoft.Extensions.Configuration.Binder": "9.0.8",
          "Microsoft.Extensions.DependencyInjection.Abstractions": "9.0.8",
          "Microsoft.Extensions.Logging": "9.0.8",
          "Microsoft.Extensions.Logging.Abstractions": "9.0.8",
          "Microsoft.Extensions.Options": "9.0.8",
          "Microsoft.Extensions.Options.ConfigurationExtensions": "9.0.8"
        }
      },
      "Microsoft.Extensions.Logging.Console": {
        "type": "Transitive",
        "resolved": "9.0.8",
        "contentHash": "mPp9xB9MjiPuodh9z/+6zEGNj2kSVeXQtdbIBHlhUYqxX22gzJkx0ycPY42q4/OT/SzFV/TJ989Pa3sA/8ZBeA==",
        "dependencies": {
          "Microsoft.Extensions.DependencyInjection.Abstractions": "9.0.8",
          "Microsoft.Extensions.Logging": "9.0.8",
          "Microsoft.Extensions.Logging.Abstractions": "9.0.8",
          "Microsoft.Extensions.Logging.Configuration": "9.0.8",
          "Microsoft.Extensions.Options": "9.0.8"
        }
      },
      "Microsoft.Extensions.Logging.Debug": {
        "type": "Transitive",
        "resolved": "9.0.8",
        "contentHash": "OwHQFVITsONEoizShc1yNYTUvMq0kT9j/LhwAKMsA7OZqtrBXuqjosbSvzkJZ9o+KWAozDh5Y1Vtpe5p/8/1qA==",
        "dependencies": {
          "Microsoft.Extensions.DependencyInjection.Abstractions": "9.0.8",
          "Microsoft.Extensions.Logging": "9.0.8",
          "Microsoft.Extensions.Logging.Abstractions": "9.0.8"
        }
      },
      "Microsoft.Extensions.Logging.EventLog": {
        "type": "Transitive",
        "resolved": "9.0.8",
        "contentHash": "/gMwlll21UJcaXlitUqd+rs9jH36EJz5BpFVPshyOqz5u0qyV1pFnTWm5vhyx+g6gwVYENSLgpazR1urNv83xw==",
        "dependencies": {
          "Microsoft.Extensions.DependencyInjection.Abstractions": "9.0.8",
          "Microsoft.Extensions.Logging": "9.0.8",
          "Microsoft.Extensions.Logging.Abstractions": "9.0.8",
          "Microsoft.Extensions.Options": "9.0.8",
          "System.Diagnostics.EventLog": "9.0.8"
        }
      },
      "Microsoft.Extensions.Logging.EventSource": {
        "type": "Transitive",
        "resolved": "9.0.8",
        "contentHash": "aGMFc/1P+315d07iyxSe6lEoZ0JjOPJ+Mfv9rrV2PvR2DFu1/pSi/SItHw1iChJOZgslNKJE97g1a9nLX3qQYA==",
        "dependencies": {
          "Microsoft.Extensions.DependencyInjection.Abstractions": "9.0.8",
          "Microsoft.Extensions.Logging": "9.0.8",
          "Microsoft.Extensions.Logging.Abstractions": "9.0.8",
          "Microsoft.Extensions.Options": "9.0.8",
          "Microsoft.Extensions.Primitives": "9.0.8"
        }
      },
      "Microsoft.Extensions.ObjectPool": {
        "type": "Transitive",
        "resolved": "9.0.8",
        "contentHash": "+OMy2qWbhf7HMGHDhHWUMo84Nlaphxj8p4rvn3kPpPUE2pv2GVQkI+QP4/+y8uZMSkjj6F5bthQPRJ1NNDK0jg=="
      },
      "Microsoft.Extensions.Options": {
        "type": "Transitive",
        "resolved": "9.0.8",
        "contentHash": "OmTaQ0v4gxGQkehpwWIqPoEiwsPuG/u4HUsbOFoWGx4DKET2AXzopnFe/fE608FIhzc/kcg2p8JdyMRCCUzitQ==",
        "dependencies": {
          "Microsoft.Extensions.DependencyInjection.Abstractions": "9.0.8",
          "Microsoft.Extensions.Primitives": "9.0.8"
        }
      },
      "Microsoft.Extensions.Options.ConfigurationExtensions": {
        "type": "Transitive",
        "resolved": "9.0.8",
        "contentHash": "eW2s6n06x0w6w4nsX+SvpgsFYkl+Y0CttYAt6DKUXeqprX+hzNqjSfOh637fwNJBg7wRBrOIRHe49gKiTgJxzQ==",
        "dependencies": {
          "Microsoft.Extensions.Configuration.Abstractions": "9.0.8",
          "Microsoft.Extensions.Configuration.Binder": "9.0.8",
          "Microsoft.Extensions.DependencyInjection.Abstractions": "9.0.8",
          "Microsoft.Extensions.Options": "9.0.8",
          "Microsoft.Extensions.Primitives": "9.0.8"
        }
      },
      "Microsoft.Extensions.Primitives": {
        "type": "Transitive",
        "resolved": "9.0.8",
        "contentHash": "tizSIOEsIgSNSSh+hKeUVPK7xmTIjR8s+mJWOu1KXV3htvNQiPMFRMO17OdI1y/4ZApdBVk49u/08QGC9yvLug=="
      },
      "NaturalSort.Extension": {
        "type": "Transitive",
        "resolved": "4.3.0",
        "contentHash": "NGr3z/Izk16yxEcXKsopZvfYH8hh3iY7mmLJlT8iWVWBlidqGHeq2ykoy2JposrdM6aGvqjMfso9l0N8FzxAUw=="
      },
      "SemanticVersion": {
        "type": "Transitive",
        "resolved": "2.1.0",
        "contentHash": "Iu2aBSZ+WQPMjNAP9FzVum7IjkOZrq6Vqsn78c6IVi1Mpna4WKue2stmuVPqBB5aPcZciuHPPp343/fCY9ONMw=="
      },
      "Sylvan.Data.Csv": {
        "type": "Transitive",
        "resolved": "1.4.2",
        "contentHash": "Kwopl8Nuc++DH/Bu5pvFBBuX8Mu4lsLFZuH5+efVJfAFcDLWiPNVhs43lNfvnn7Zkt0oIAKGlUjqnA3BQYpZyw=="
      },
      "System.Diagnostics.DiagnosticSource": {
        "type": "Transitive",
        "resolved": "8.0.1",
        "contentHash": "vaoWjvkG1aenR2XdjaVivlCV9fADfgyhW5bZtXT23qaEea0lWiUljdQuze4E31vKM7ZWJaSUsbYIKE3rnzfZUg=="
      },
      "System.Diagnostics.EventLog": {
        "type": "Transitive",
        "resolved": "9.0.8",
        "contentHash": "gebRF3JLLJ76jz1CQpvwezNapZUjFq20JQsaGHzBH0DzlkHBLpdhwkOei9usiOkIGMwU/L0ALWpNe1JE+5/itw=="
      },
      "System.Memory": {
        "type": "Transitive",
        "resolved": "4.5.5",
        "contentHash": "XIWiDvKPXaTveaB7HVganDlOCRoj03l+jrwNvcge/t8vhGYKvqV+dMv6G4SAX2NoNmN0wZfVPTAlFwZcZvVOUw=="
      },
      "System.ValueTuple": {
        "type": "Transitive",
        "resolved": "4.5.0",
        "contentHash": "okurQJO6NRE/apDIP23ajJ0hpiNmJ+f0BwOlB/cSqTLQlw5upkf+5+96+iG2Jw40G1fCVCyPz/FhIABUjMR+RQ=="
      },
      "criticalcommonlib": {
        "type": "Project",
        "dependencies": {
          "AllaganLib.GameSheets": "[1.3.3, )",
          "DalaMock.Host": "[3.0.6, )",
          "Humanizer.Core": "[3.0.0-beta.54, )",
          "Microsoft.Extensions.Hosting": "[9.0.8, )",
          "NaturalSort.Extension": "[4.3.0, )",
          "SerialQueue": "[2.1.0, )",
          "Sylvan.Data.Csv": "[1.4.2, )",
          "System.Reactive": "[6.0.1, )"
        }
      },
      "ottergui": {
        "type": "Project",
        "dependencies": {
          "JetBrains.Annotations": "[2024.3.0, )",
          "Microsoft.Extensions.DependencyInjection": "[9.0.2, )"
        }
      }
    }
  }
}