{
  "version": 1,
  "dependencies": {
    "net8.0-windows7.0": {
      "DalaMock.Core": {
        "type": "Direct",
        "requested": "[2.0.28, )",
        "resolved": "2.0.28",
        "contentHash": "KiSbq+N1Z464EgNUYt4PMBKBrK58Q5w34HYLMJ/w2LPsYioU6UHHX3ClmnmYFRqcTlCox3/1llfeyl5rpfnruw==",
        "dependencies": {
          "Autofac": "8.0.0",
          "DalaMock.Shared": "2.0.28",
          "Microsoft.Extensions.Configuration": "8.0.0",
          "Microsoft.Extensions.Hosting": "8.0.0",
          "Microsoft.Extensions.Hosting.Abstractions": "8.0.0",
          "Microsoft.Extensions.ObjectPool": "9.0.0-preview.6.24328.4",
          "NativeFileDialogSharp": "0.5.0",
          "Serilog": "4.0.1",
          "Serilog.Extensions.Logging": "8.0.0",
          "Serilog.Sinks.Async": "1.5.0",
          "Serilog.Sinks.Console": "6.0.0",
          "Serilog.Sinks.File": "5.0.0",
          "System.Collections.Immutable": "7.0.0",
          "Veldrid": "4.9.0",
          "Veldrid.SDL2": "4.9.0",
          "Veldrid.StartupUtilities": "4.9.0"
        }
      },
      "Dalamud.ContextMenu": {
        "type": "Direct",
        "requested": "[1.3.1, )",
        "resolved": "1.3.1",
        "contentHash": "ptAxut5PiLnzZ4G/KQdHJVcyklC/BF3otHJ7zYVUPiKBjsOCoF0n/6h2jK7e+8ev2Y1yAY3Wtx2GuXLFQgt9Uw=="
      },
      "Humanizer.Core": {
        "type": "Direct",
        "requested": "[2.14.1, )",
        "resolved": "2.14.1",
        "contentHash": "lQKvtaTDOXnoVJ20ibTuSIOf2i0uO0MPbDhd1jm238I+U/2ZnRENj0cktKZhtchBMtCUSRQ5v4xBCUbKNmyVMw=="
      },
      "Microsoft.AspNetCore.TestHost": {
        "type": "Direct",
        "requested": "[8.0.3, )",
        "resolved": "8.0.3",
        "contentHash": "1uZ+wmx8cw5L/cdgEL+54/+6H83+joSfZP6j92nP4Hk2MejD25gnVdhlCsm6O4fiIwKqNoU2H3a9s3laQnTj5w==",
        "dependencies": {
          "System.IO.Pipelines": "8.0.0"
        }
      },
      "Microsoft.DotNet.PlatformAbstractions": {
        "type": "Direct",
        "requested": "[5.0.0-preview.5.20278.1, )",
        "resolved": "5.0.0-preview.5.20278.1",
        "contentHash": "vjHO72XmJdmdFUF/YWvJwetuaop38vljZ7U6icj8HiRhEqJSEBBPvYjdoxBDYW5/bJk+4GAXq18yS4L5XKD2UA=="
      },
      "Microsoft.Extensions.Configuration": {
        "type": "Direct",
        "requested": "[8.0.0, )",
        "resolved": "8.0.0",
        "contentHash": "0J/9YNXTMWSZP2p2+nvl8p71zpSwokZXZuJW+VjdErkegAnFdO1XlqtA62SJtgVYHdKu3uPxJHcMR/r35HwFBA==",
        "dependencies": {
          "Microsoft.Extensions.Configuration.Abstractions": "8.0.0",
          "Microsoft.Extensions.Primitives": "8.0.0"
        }
      },
      "Microsoft.Extensions.Configuration.Binder": {
        "type": "Direct",
        "requested": "[8.0.2, )",
        "resolved": "8.0.2",
        "contentHash": "7IQhGK+wjyGrNsPBjJcZwWAr+Wf6D4+TwOptUt77bWtgNkiV8tDEbhFS+dDamtQFZ2X7kWG9m71iZQRj2x3zgQ==",
        "dependencies": {
          "Microsoft.Extensions.Configuration.Abstractions": "8.0.0"
        }
      },
      "Microsoft.Extensions.Configuration.Json": {
        "type": "Direct",
        "requested": "[8.0.0, )",
        "resolved": "8.0.0",
        "contentHash": "C2wqUoh9OmRL1akaCcKSTmRU8z0kckfImG7zLNI8uyi47Lp+zd5LWAD17waPQEqCz3ioWOCrFUo+JJuoeZLOBw==",
        "dependencies": {
          "Microsoft.Extensions.Configuration": "8.0.0",
          "Microsoft.Extensions.Configuration.Abstractions": "8.0.0",
          "Microsoft.Extensions.Configuration.FileExtensions": "8.0.0",
          "Microsoft.Extensions.FileProviders.Abstractions": "8.0.0",
          "System.Text.Json": "8.0.0"
        }
      },
      "Microsoft.Extensions.DependencyModel": {
        "type": "Direct",
        "requested": "[8.0.0-preview.5.23280.8, )",
        "resolved": "8.0.0-preview.5.23280.8",
        "contentHash": "A9c3yKnzuVQLGvRbAYyfx4oTGrOITUl7oaUxynGQ/8fHyWQjtoqR64o7NtIxYD2TOSqU7IWgteDFAcGLxvuNGg==",
        "dependencies": {
          "System.Text.Encodings.Web": "8.0.0-preview.5.23280.8",
          "System.Text.Json": "8.0.0-preview.5.23280.8"
        }
      },
      "Microsoft.Extensions.ObjectPool": {
        "type": "Direct",
        "requested": "[9.0.0-preview.6.24328.4, )",
        "resolved": "9.0.0-preview.6.24328.4",
        "contentHash": "gtSoyW2B38YGz5TWzlZbi8AoPUryq00xvVBCGkN288lHU7e9oap/GSOwoi7bXGNOWnLJGske1yUZFDDj+3QGkw=="
      },
      "Newtonsoft.Json": {
        "type": "Direct",
        "requested": "[13.0.3-beta1, )",
        "resolved": "13.0.3-beta1",
        "contentHash": "P5VfOceZ1ZuVnrz6xiEssjigMv6VLoA4BWXpFk6KJpixf0pM9Y1Nc9zJJYPyfuCmUtw/3seUa/orRNjSh9/NBg=="
      },
      "Serilog": {
        "type": "Direct",
        "requested": "[4.0.1, )",
        "resolved": "4.0.1",
        "contentHash": "pzeDRXdpSLSsgBHpZcmpIDxqMy845Ab4s+dfnBg0sN9h8q/4Wo3vAoe0QCGPze1Q06EVtEPupS+UvLm8iXQmTQ=="
      },
      "Serilog.Sinks.Async": {
        "type": "Direct",
        "requested": "[2.0.0, )",
        "resolved": "2.0.0",
        "contentHash": "a+kTyUUxPAOZWKJiNbDqCPMiP0BWBWzObyTpRmGLrgCecgc/YJ+HqYGjsQoS6Sj9cRVXB9hH5O1mTZ0DiewG2w==",
        "dependencies": {
          "Serilog": "4.0.0"
        }
      },
      "Serilog.Sinks.Console": {
        "type": "Direct",
        "requested": "[6.0.0, )",
        "resolved": "6.0.0",
        "contentHash": "fQGWqVMClCP2yEyTXPIinSr5c+CBGUvBybPxjAGcf7ctDhadFhrQw03Mv8rJ07/wR5PDfFjewf2LimvXCDzpbA==",
        "dependencies": {
          "Serilog": "4.0.0"
        }
      },
      "Serilog.Sinks.File": {
        "type": "Direct",
        "requested": "[6.0.0, )",
        "resolved": "6.0.0",
        "contentHash": "lxjg89Y8gJMmFxVkbZ+qDgjl+T4yC5F7WSLTvA+5q0R04tfKVLRL/EHpYoJ/MEQd2EeCKDuylBIVnAYMotmh2A==",
        "dependencies": {
          "Serilog": "4.0.0"
        }
      },
      "StbiSharp": {
        "type": "Direct",
        "requested": "[1.2.1, )",
        "resolved": "1.2.1",
        "contentHash": "jbi94g3UDVAC3vH6jKZmmADH4Z6tGqbcdlyGhT/WZN9UE8OjjvpGFE5zF+UCSmIdya6iJ+Zo5VvxdQywSKN0Uw=="
      },
      "TextCopy": {
        "type": "Direct",
        "requested": "[6.2.1, )",
        "resolved": "6.2.1",
        "contentHash": "ryejViUBmHQ2XMie2AiRBn7KVKu2Gh/hqrctGSAUf1BufwfPjr+MWuACNBaiG+40TMbWRDJZgV73Tpl9hggeRw==",
        "dependencies": {
          "Microsoft.Extensions.DependencyInjection.Abstractions": "7.0.0"
        }
      },
      "Veldrid": {
        "type": "Direct",
        "requested": "[4.9.0, )",
        "resolved": "4.9.0",
        "contentHash": "Rvu7/OLNt6Yy/hbC+rAmjBbxcSirbG/BjOdLCF7kl5mGBkMGka3pLuTlkbXSt4UONh3tks0I7k/OJ7Sr8HFIoA==",
        "dependencies": {
          "NativeLibraryLoader": "1.0.13",
          "Veldrid.MetalBindings": "4.9.0",
          "Veldrid.OpenGLBindings": "4.9.0",
          "Vk": "1.0.25",
          "Vortice.D3DCompiler": "2.3.0",
          "Vortice.Direct3D11": "2.3.0"
        }
      },
      "Veldrid.SDL2": {
        "type": "Direct",
        "requested": "[4.9.0, )",
        "resolved": "4.9.0",
        "contentHash": "uE0sYIzNOF2DPokzjRel2to3euBRikLfgoxx0f7iQVevbDDYlg0e/DBgG+tDhyNQWrB+ttKaQvR/csoa/R8UmA==",
        "dependencies": {
          "NativeLibraryLoader": "1.0.13",
          "System.Numerics.Vectors": "4.5.0",
          "System.Runtime.CompilerServices.Unsafe": "4.5.0"
        }
      },
      "Veldrid.StartupUtilities": {
        "type": "Direct",
        "requested": "[4.9.0, )",
        "resolved": "4.9.0",
        "contentHash": "45JrS5GajAaoom0HJWtPzYgJlNo8tpXB06mJM4hWxdeBxo3y2OIJIfnnB374KB1d7euodW0XneRzKVhwzZFE5g==",
        "dependencies": {
          "Veldrid": "4.9.0",
          "Veldrid.SDL2": "4.9.0"
        }
      },
      "Autofac": {
        "type": "Transitive",
        "resolved": "8.0.0",
        "contentHash": "qxVqJcl3fixxa5aZc9TmIuYTwooI9GCL5RzfUiTZtTlbAF3NcWz7bPeEyJEAyS/0qGhSyGnXeku2eiu/7L+3qw==",
        "dependencies": {
          "System.Diagnostics.DiagnosticSource": "7.0.2"
        }
      },
      "Autofac.Extensions.DependencyInjection": {
        "type": "Transitive",
        "resolved": "9.0.0",
        "contentHash": "tf+//4MBola256qaaVQqQ6tx2R57S8A8BFekRWNpHkpSFzRBPkU+/fEDUSrCjqldK/B2zRoDbsMcQmYy3PYGWg==",
        "dependencies": {
          "Autofac": "8.0.0",
          "Microsoft.Extensions.DependencyInjection.Abstractions": "8.0.0"
        }
      },
      "CSVFile": {
        "type": "Transitive",
        "resolved": "3.1.0",
        "contentHash": "yz/FptkwDL0bxhaxoyrFPI5SyxUUfuZtbH1E2yLiHHFZFFrSXNnWJHfXSt5Anvy1gWpHCLpC520Bxy6G/Opp1g=="
      },
      "CsvHelper": {
        "type": "Transitive",
        "resolved": "30.0.1",
        "contentHash": "rcZtgbWR+As4G3Vpgx0AMNmShGuQLFjkHAPIIflzrfkJCx8/AOd4m96ZRmiU1Wi39qS5UVjV0P8qdgqOo5Cwyg=="
      },
      "DalaMock.Host": {
        "type": "Transitive",
        "resolved": "2.0.28",
        "contentHash": "IJt/+njWY3aIDLvcmB4g3ja89eBAQaf3/sLXxManwivlVxFJxnYTIYBSyp2EaL7yjSxuYUzw6+myeRMhkSpPJA==",
        "dependencies": {
          "Autofac.Extensions.DependencyInjection": "9.0.0",
          "DalaMock.Shared": "2.0.28",
          "Microsoft.Extensions.Hosting": "8.0.0",
          "Microsoft.Extensions.Hosting.Abstractions": "8.0.0",
          "Microsoft.Extensions.ObjectPool": "9.0.0-preview.6.24328.4",
          "Serilog": "2.11.0",
          "Serilog.Sinks.Async": "1.5.0",
          "Serilog.Sinks.Console": "4.0.1",
          "Serilog.Sinks.File": "5.0.0"
        }
      },
      "DalaMock.Shared": {
        "type": "Transitive",
        "resolved": "2.0.28",
        "contentHash": "w5GcsbnfK91lQdp5YJNQ5+xypFYIfzth5sgYVrLn4f/Qi/icMyDWmpHOR8opkjzZGhJy/7IxN7qzT/iE00pyOg==",
        "dependencies": {
          "Autofac.Extensions.DependencyInjection": "9.0.0",
          "Microsoft.Extensions.Hosting": "8.0.0",
          "Microsoft.Extensions.Hosting.Abstractions": "8.0.0"
        }
      },
      "DalamudPackager": {
        "type": "Transitive",
        "resolved": "2.1.13",
        "contentHash": "rMN1omGe8536f4xLMvx9NwfvpAc9YFFfeXJ1t4P4PE6Gu8WCIoFliR1sh07hM+bfODmesk/dvMbji7vNI+B/pQ=="
      },
      "JetBrains.Annotations": {
        "type": "Transitive",
        "resolved": "2023.3.0",
        "contentHash": "PHfnvdBUdGaTVG9bR/GEfxgTwWM0Z97Y6X3710wiljELBISipSfF5okn/vz+C2gfO+ihoEyVPjaJwn8ZalVukA=="
      },
      "LuminaSupplemental.Excel": {
        "type": "Transitive",
        "resolved": "2.0.6",
        "contentHash": "m63nJkYtauxdnN3XZLBYPgEPVZ85YpgPQdrRFENNZJuOZcDNZ2PuZ8+CXhcagmKPPy378OOeJvAdl5WdagKvUw==",
        "dependencies": {
          "CSVFile": "3.1.0",
          "CsvHelper": "30.0.1"
        }
      },
      "MessagePack": {
        "type": "Transitive",
        "resolved": "2.1.90",
        "contentHash": "frdAkIQyILYjAhH8Q107N77eccLjnkYr8/L+3vHeCezI0rvfCB2xiZjin936QFtskLBmgW1D9y6bKs45zddVLQ==",
        "dependencies": {
          "MessagePack.Annotations": "2.1.90",
          "Microsoft.Bcl.AsyncInterfaces": "1.0.0",
          "System.Memory": "4.5.3",
          "System.Reflection.Emit": "4.6.0",
          "System.Reflection.Emit.Lightweight": "4.6.0",
          "System.Runtime.CompilerServices.Unsafe": "4.5.2",
          "System.Threading.Tasks.Extensions": "4.5.3"
        }
      },
      "MessagePack.Annotations": {
        "type": "Transitive",
        "resolved": "2.1.90",
        "contentHash": "YnS4qdOMFJuC8TDvXK8ECjWn+hI/B6apwMSgQsiynVXxsvFiiSyun7OXgVT7KxkR8qLinFuASzoG/5zv3kemwQ=="
      },
      "Microsoft.AspNetCore.Connections.Abstractions": {
        "type": "Transitive",
        "resolved": "7.0.11",
        "contentHash": "zE/12cfNKnvtv3t5oB5f7bhXnyJ9zMi17XFjX95QVCmq8OiTqlT6U+S0JLwBi0f62m7ZTUIvelvleZZnEqQ7Kw==",
        "dependencies": {
          "Microsoft.Extensions.Features": "7.0.11",
          "System.IO.Pipelines": "7.0.0"
        }
      },
      "Microsoft.AspNetCore.Http.Connections.Client": {
        "type": "Transitive",
        "resolved": "7.0.11",
        "contentHash": "oXZPgHNXKUg2lV9rxiiRR2F4no81jdjSofiZK0gLGaFs79AjWdKG7FXmZQd9X5FvO3N6Irl8A7nYbzn3eXipAg==",
        "dependencies": {
          "Microsoft.AspNetCore.Http.Connections.Common": "7.0.11",
          "Microsoft.Extensions.Logging.Abstractions": "7.0.1",
          "Microsoft.Extensions.Options": "7.0.1"
        }
      },
      "Microsoft.AspNetCore.Http.Connections.Common": {
        "type": "Transitive",
        "resolved": "7.0.11",
        "contentHash": "IefcFhboYzlFEBI8Qr8BfvZ5YacxLhjxKswvhgjSsFGSLxuk36J70WlMflPQiFp9Eu1M/add+iavdNfJdjeJJA==",
        "dependencies": {
          "Microsoft.AspNetCore.Connections.Abstractions": "7.0.11"
        }
      },
      "Microsoft.AspNetCore.SignalR.Client": {
        "type": "Transitive",
        "resolved": "7.0.11",
        "contentHash": "JqDbl2hs3OG2kinmnz1H3/hUwbUV9oLJDoC7jS/lXhU2354n4hip6tydcu8DaOqQ34oGqUxc1rpQP0F9hceyeQ==",
        "dependencies": {
          "Microsoft.AspNetCore.Http.Connections.Client": "7.0.11",
          "Microsoft.AspNetCore.SignalR.Client.Core": "7.0.11"
        }
      },
      "Microsoft.AspNetCore.SignalR.Client.Core": {
        "type": "Transitive",
        "resolved": "7.0.11",
        "contentHash": "zlkRiPNJJNv7K9vqJOCcCB6c047lcd1zO8immgw2kDOowoK+MPU79D856G0HtXXRktve2EfZ2/TqClI01FAM4g==",
        "dependencies": {
          "Microsoft.AspNetCore.SignalR.Common": "7.0.11",
          "Microsoft.AspNetCore.SignalR.Protocols.Json": "7.0.11",
          "Microsoft.Extensions.DependencyInjection": "7.0.0",
          "Microsoft.Extensions.Logging": "7.0.0",
          "System.Threading.Channels": "7.0.0"
        }
      },
      "Microsoft.AspNetCore.SignalR.Common": {
        "type": "Transitive",
        "resolved": "7.0.11",
        "contentHash": "MNP/h1mkGPTDXmYIeQky9lTHHXebo07mbJSrYenG+wuwauduU+2XMwetoIYOHYTGB13T7hm1Sro7l/ZmKTj+dA==",
        "dependencies": {
          "Microsoft.AspNetCore.Connections.Abstractions": "7.0.11",
          "Microsoft.Extensions.Options": "7.0.1"
        }
      },
      "Microsoft.AspNetCore.SignalR.Protocols.Json": {
        "type": "Transitive",
        "resolved": "7.0.11",
        "contentHash": "zFWJ2UXohJHIL30HmqAUDAxJKX7RIiVl4EuM35l1uuQnvKKs5Pc6DeI9VZO/xt+FHrJrpK+jxmLxQZ8R6xCveQ==",
        "dependencies": {
          "Microsoft.AspNetCore.SignalR.Common": "7.0.11"
        }
      },
      "Microsoft.AspNetCore.SignalR.Protocols.MessagePack": {
        "type": "Transitive",
        "resolved": "7.0.11",
        "contentHash": "xtWXhOmfp/+h4OUamqgpXcIu3FZO6h1a+Q25PxMBOyqM6kz0swlSj45yKcNKscfQS840FguiryQlllSkVFWprw==",
        "dependencies": {
          "MessagePack": "2.1.90",
          "Microsoft.AspNetCore.SignalR.Common": "7.0.11"
        }
      },
      "Microsoft.Bcl.AsyncInterfaces": {
        "type": "Transitive",
        "resolved": "1.0.0",
        "contentHash": "K63Y4hORbBcKLWH5wnKgzyn7TOfYzevIEwIedQHBIkmkEBA9SCqgvom+XTuE+fAFGvINGkhFItaZ2dvMGdT5iw=="
      },
      "Microsoft.Extensions.Configuration.Abstractions": {
        "type": "Transitive",
        "resolved": "8.0.0",
        "contentHash": "3lE/iLSutpgX1CC0NOW70FJoGARRHbyKmG7dc0klnUZ9Dd9hS6N/POPWhKhMLCEuNN5nXEY5agmlFtH562vqhQ==",
        "dependencies": {
          "Microsoft.Extensions.Primitives": "8.0.0"
        }
      },
      "Microsoft.Extensions.Configuration.CommandLine": {
        "type": "Transitive",
        "resolved": "8.0.0",
        "contentHash": "NZuZMz3Q8Z780nKX3ifV1fE7lS+6pynDHK71OfU4OZ1ItgvDOhyOC7E6z+JMZrAj63zRpwbdldYFk499t3+1dQ==",
        "dependencies": {
          "Microsoft.Extensions.Configuration": "8.0.0",
          "Microsoft.Extensions.Configuration.Abstractions": "8.0.0"
        }
      },
      "Microsoft.Extensions.Configuration.EnvironmentVariables": {
        "type": "Transitive",
        "resolved": "8.0.0",
        "contentHash": "plvZ0ZIpq+97gdPNNvhwvrEZ92kNml9hd1pe3idMA7svR0PztdzVLkoWLcRFgySYXUJc3kSM3Xw3mNFMo/bxRA==",
        "dependencies": {
          "Microsoft.Extensions.Configuration": "8.0.0",
          "Microsoft.Extensions.Configuration.Abstractions": "8.0.0"
        }
      },
      "Microsoft.Extensions.Configuration.FileExtensions": {
        "type": "Transitive",
        "resolved": "8.0.0",
        "contentHash": "McP+Lz/EKwvtCv48z0YImw+L1gi1gy5rHhNaNIY2CrjloV+XY8gydT8DjMR6zWeL13AFK+DioVpppwAuO1Gi1w==",
        "dependencies": {
          "Microsoft.Extensions.Configuration": "8.0.0",
          "Microsoft.Extensions.Configuration.Abstractions": "8.0.0",
          "Microsoft.Extensions.FileProviders.Abstractions": "8.0.0",
          "Microsoft.Extensions.FileProviders.Physical": "8.0.0",
          "Microsoft.Extensions.Primitives": "8.0.0"
        }
      },
      "Microsoft.Extensions.Configuration.UserSecrets": {
        "type": "Transitive",
        "resolved": "8.0.0",
        "contentHash": "ihDHu2dJYQird9pl2CbdwuNDfvCZdOS0S7SPlNfhPt0B81UTT+yyZKz2pimFZGUp3AfuBRnqUCxB2SjsZKHVUw==",
        "dependencies": {
          "Microsoft.Extensions.Configuration.Abstractions": "8.0.0",
          "Microsoft.Extensions.Configuration.Json": "8.0.0",
          "Microsoft.Extensions.FileProviders.Abstractions": "8.0.0",
          "Microsoft.Extensions.FileProviders.Physical": "8.0.0"
        }
      },
      "Microsoft.Extensions.DependencyInjection": {
        "type": "Transitive",
        "resolved": "8.0.0",
        "contentHash": "V8S3bsm50ig6JSyrbcJJ8bW2b9QLGouz+G1miK3UTaOWmMtFwNNNzUf4AleyDWUmTrWMLNnFSLEQtxmxgNQnNQ==",
        "dependencies": {
          "Microsoft.Extensions.DependencyInjection.Abstractions": "8.0.0"
        }
      },
      "Microsoft.Extensions.DependencyInjection.Abstractions": {
        "type": "Transitive",
        "resolved": "8.0.0",
        "contentHash": "cjWrLkJXK0rs4zofsK4bSdg+jhDLTaxrkXu4gS6Y7MAlCvRyNNgwY/lJi5RDlQOnSZweHqoyvgvbdvQsRIW+hg=="
      },
      "Microsoft.Extensions.Diagnostics": {
        "type": "Transitive",
        "resolved": "8.0.0",
        "contentHash": "3PZp/YSkIXrF7QK7PfC1bkyRYwqOHpWFad8Qx+4wkuumAeXo1NHaxpS9LboNA9OvNSAu+QOVlXbMyoY+pHSqcw==",
        "dependencies": {
          "Microsoft.Extensions.Configuration": "8.0.0",
          "Microsoft.Extensions.Diagnostics.Abstractions": "8.0.0",
          "Microsoft.Extensions.Options.ConfigurationExtensions": "8.0.0"
        }
      },
      "Microsoft.Extensions.Diagnostics.Abstractions": {
        "type": "Transitive",
        "resolved": "8.0.0",
        "contentHash": "JHYCQG7HmugNYUhOl368g+NMxYE/N/AiclCYRNlgCY9eVyiBkOHMwK4x60RYMxv9EL3+rmj1mqHvdCiPpC+D4Q==",
        "dependencies": {
          "Microsoft.Extensions.DependencyInjection.Abstractions": "8.0.0",
          "Microsoft.Extensions.Options": "8.0.0",
          "System.Diagnostics.DiagnosticSource": "8.0.0"
        }
      },
      "Microsoft.Extensions.Features": {
        "type": "Transitive",
        "resolved": "7.0.11",
        "contentHash": "gEMAI/gM2sxFlXRKDO7ilzvcv9D4La1fMiWQ3SOUFH8Vni15BQCCu+i04KcIUCbs2Z5KH5bFgJBcr3XXXkahGA=="
      },
      "Microsoft.Extensions.FileProviders.Abstractions": {
        "type": "Transitive",
        "resolved": "8.0.0",
        "contentHash": "ZbaMlhJlpisjuWbvXr4LdAst/1XxH3vZ6A0BsgTphZ2L4PGuxRLz7Jr/S7mkAAnOn78Vu0fKhEgNF5JO3zfjqQ==",
        "dependencies": {
          "Microsoft.Extensions.Primitives": "8.0.0"
        }
      },
      "Microsoft.Extensions.FileProviders.Physical": {
        "type": "Transitive",
        "resolved": "8.0.0",
        "contentHash": "UboiXxpPUpwulHvIAVE36Knq0VSHaAmfrFkegLyBZeaADuKezJ/AIXYAW8F5GBlGk/VaibN2k/Zn1ca8YAfVdA==",
        "dependencies": {
          "Microsoft.Extensions.FileProviders.Abstractions": "8.0.0",
          "Microsoft.Extensions.FileSystemGlobbing": "8.0.0",
          "Microsoft.Extensions.Primitives": "8.0.0"
        }
      },
      "Microsoft.Extensions.FileSystemGlobbing": {
        "type": "Transitive",
        "resolved": "8.0.0",
        "contentHash": "OK+670i7esqlQrPjdIKRbsyMCe9g5kSLpRRQGSr4Q58AOYEe/hCnfLZprh7viNisSUUQZmMrbbuDaIrP+V1ebQ=="
      },
      "Microsoft.Extensions.Hosting": {
        "type": "Transitive",
        "resolved": "8.0.0",
        "contentHash": "ItYHpdqVp5/oFLT5QqbopnkKlyFG9EW/9nhM6/yfObeKt6Su0wkBio6AizgRHGNwhJuAtlE5VIjow5JOTrip6w==",
        "dependencies": {
          "Microsoft.Extensions.Configuration": "8.0.0",
          "Microsoft.Extensions.Configuration.Abstractions": "8.0.0",
          "Microsoft.Extensions.Configuration.Binder": "8.0.0",
          "Microsoft.Extensions.Configuration.CommandLine": "8.0.0",
          "Microsoft.Extensions.Configuration.EnvironmentVariables": "8.0.0",
          "Microsoft.Extensions.Configuration.FileExtensions": "8.0.0",
          "Microsoft.Extensions.Configuration.Json": "8.0.0",
          "Microsoft.Extensions.Configuration.UserSecrets": "8.0.0",
          "Microsoft.Extensions.DependencyInjection": "8.0.0",
          "Microsoft.Extensions.DependencyInjection.Abstractions": "8.0.0",
          "Microsoft.Extensions.Diagnostics": "8.0.0",
          "Microsoft.Extensions.FileProviders.Abstractions": "8.0.0",
          "Microsoft.Extensions.FileProviders.Physical": "8.0.0",
          "Microsoft.Extensions.Hosting.Abstractions": "8.0.0",
          "Microsoft.Extensions.Logging": "8.0.0",
          "Microsoft.Extensions.Logging.Abstractions": "8.0.0",
          "Microsoft.Extensions.Logging.Configuration": "8.0.0",
          "Microsoft.Extensions.Logging.Console": "8.0.0",
          "Microsoft.Extensions.Logging.Debug": "8.0.0",
          "Microsoft.Extensions.Logging.EventLog": "8.0.0",
          "Microsoft.Extensions.Logging.EventSource": "8.0.0",
          "Microsoft.Extensions.Options": "8.0.0"
        }
      },
      "Microsoft.Extensions.Hosting.Abstractions": {
        "type": "Transitive",
        "resolved": "8.0.0",
        "contentHash": "AG7HWwVRdCHlaA++1oKDxLsXIBxmDpMPb3VoyOoAghEWnkUvEAdYQUwnV4jJbAaa/nMYNiEh5ByoLauZBEiovg==",
        "dependencies": {
          "Microsoft.Extensions.Configuration.Abstractions": "8.0.0",
          "Microsoft.Extensions.DependencyInjection.Abstractions": "8.0.0",
          "Microsoft.Extensions.Diagnostics.Abstractions": "8.0.0",
          "Microsoft.Extensions.FileProviders.Abstractions": "8.0.0",
          "Microsoft.Extensions.Logging.Abstractions": "8.0.0"
        }
      },
      "Microsoft.Extensions.Logging": {
        "type": "Transitive",
        "resolved": "8.0.0",
        "contentHash": "tvRkov9tAJ3xP51LCv3FJ2zINmv1P8Hi8lhhtcKGqM+ImiTCC84uOPEI4z8Cdq2C3o9e+Aa0Gw0rmrsJD77W+w==",
        "dependencies": {
          "Microsoft.Extensions.DependencyInjection": "8.0.0",
          "Microsoft.Extensions.Logging.Abstractions": "8.0.0",
          "Microsoft.Extensions.Options": "8.0.0"
        }
      },
      "Microsoft.Extensions.Logging.Abstractions": {
        "type": "Transitive",
        "resolved": "8.0.0",
        "contentHash": "arDBqTgFCyS0EvRV7O3MZturChstm50OJ0y9bDJvAcmEPJm0FFpFyjU/JLYyStNGGey081DvnQYlncNX5SJJGA==",
        "dependencies": {
          "Microsoft.Extensions.DependencyInjection.Abstractions": "8.0.0"
        }
      },
      "Microsoft.Extensions.Logging.Configuration": {
        "type": "Transitive",
        "resolved": "8.0.0",
        "contentHash": "ixXXV0G/12g6MXK65TLngYN9V5hQQRuV+fZi882WIoVJT7h5JvoYoxTEwCgdqwLjSneqh1O+66gM8sMr9z/rsQ==",
        "dependencies": {
          "Microsoft.Extensions.Configuration": "8.0.0",
          "Microsoft.Extensions.Configuration.Abstractions": "8.0.0",
          "Microsoft.Extensions.Configuration.Binder": "8.0.0",
          "Microsoft.Extensions.DependencyInjection.Abstractions": "8.0.0",
          "Microsoft.Extensions.Logging": "8.0.0",
          "Microsoft.Extensions.Logging.Abstractions": "8.0.0",
          "Microsoft.Extensions.Options": "8.0.0",
          "Microsoft.Extensions.Options.ConfigurationExtensions": "8.0.0"
        }
      },
      "Microsoft.Extensions.Logging.Console": {
        "type": "Transitive",
        "resolved": "8.0.0",
        "contentHash": "e+48o7DztoYog+PY430lPxrM4mm3PbA6qucvQtUDDwVo4MO+ejMw7YGc/o2rnxbxj4isPxdfKFzTxvXMwAz83A==",
        "dependencies": {
          "Microsoft.Extensions.DependencyInjection.Abstractions": "8.0.0",
          "Microsoft.Extensions.Logging": "8.0.0",
          "Microsoft.Extensions.Logging.Abstractions": "8.0.0",
          "Microsoft.Extensions.Logging.Configuration": "8.0.0",
          "Microsoft.Extensions.Options": "8.0.0",
          "System.Text.Json": "8.0.0"
        }
      },
      "Microsoft.Extensions.Logging.Debug": {
        "type": "Transitive",
        "resolved": "8.0.0",
        "contentHash": "dt0x21qBdudHLW/bjMJpkixv858RRr8eSomgVbU8qljOyfrfDGi1JQvpF9w8S7ziRPtRKisuWaOwFxJM82GxeA==",
        "dependencies": {
          "Microsoft.Extensions.DependencyInjection.Abstractions": "8.0.0",
          "Microsoft.Extensions.Logging": "8.0.0",
          "Microsoft.Extensions.Logging.Abstractions": "8.0.0"
        }
      },
      "Microsoft.Extensions.Logging.EventLog": {
        "type": "Transitive",
        "resolved": "8.0.0",
        "contentHash": "3X9D3sl7EmOu7vQp5MJrmIJBl5XSdOhZPYXUeFfYa6Nnm9+tok8x3t3IVPLhm7UJtPOU61ohFchw8rNm9tIYOQ==",
        "dependencies": {
          "Microsoft.Extensions.DependencyInjection.Abstractions": "8.0.0",
          "Microsoft.Extensions.Logging": "8.0.0",
          "Microsoft.Extensions.Logging.Abstractions": "8.0.0",
          "Microsoft.Extensions.Options": "8.0.0",
          "System.Diagnostics.EventLog": "8.0.0"
        }
      },
      "Microsoft.Extensions.Logging.EventSource": {
        "type": "Transitive",
        "resolved": "8.0.0",
        "contentHash": "oKcPMrw+luz2DUAKhwFXrmFikZWnyc8l2RKoQwqU3KIZZjcfoJE0zRHAnqATfhRZhtcbjl/QkiY2Xjxp0xu+6w==",
        "dependencies": {
          "Microsoft.Extensions.DependencyInjection.Abstractions": "8.0.0",
          "Microsoft.Extensions.Logging": "8.0.0",
          "Microsoft.Extensions.Logging.Abstractions": "8.0.0",
          "Microsoft.Extensions.Options": "8.0.0",
          "Microsoft.Extensions.Primitives": "8.0.0",
          "System.Text.Json": "8.0.0"
        }
      },
      "Microsoft.Extensions.Options": {
        "type": "Transitive",
        "resolved": "8.0.0",
        "contentHash": "JOVOfqpnqlVLUzINQ2fox8evY2SKLYJ3BV8QDe/Jyp21u1T7r45x/R/5QdteURMR5r01GxeJSBBUOCOyaNXA3g==",
        "dependencies": {
          "Microsoft.Extensions.DependencyInjection.Abstractions": "8.0.0",
          "Microsoft.Extensions.Primitives": "8.0.0"
        }
      },
      "Microsoft.Extensions.Options.ConfigurationExtensions": {
        "type": "Transitive",
        "resolved": "8.0.0",
        "contentHash": "0f4DMRqEd50zQh+UyJc+/HiBsZ3vhAQALgdkcQEalSH1L2isdC7Yj54M3cyo5e+BeO5fcBQ7Dxly8XiBBcvRgw==",
        "dependencies": {
          "Microsoft.Extensions.Configuration.Abstractions": "8.0.0",
          "Microsoft.Extensions.Configuration.Binder": "8.0.0",
          "Microsoft.Extensions.DependencyInjection.Abstractions": "8.0.0",
          "Microsoft.Extensions.Options": "8.0.0",
          "Microsoft.Extensions.Primitives": "8.0.0"
        }
      },
      "Microsoft.Extensions.Primitives": {
        "type": "Transitive",
        "resolved": "8.0.0",
        "contentHash": "bXJEZrW9ny8vjMF1JV253WeLhpEVzFo1lyaZu1vQ4ZxWUlVvknZ/+ftFgVheLubb4eZPSwwxBeqS1JkCOjxd8g=="
      },
      "NativeFileDialogSharp": {
        "type": "Transitive",
        "resolved": "0.5.0",
        "contentHash": "OvASDrHJhY1OzD3Cr9Pw7sgaj+WliK0CAD+0HL14jPJMxnkirC5vr3XhxbY24MKwkxANNgmN+ao7iiNOopOSqQ=="
      },
      "NativeLibraryLoader": {
        "type": "Transitive",
        "resolved": "1.0.13",
        "contentHash": "78Lg887CZb4W8ZwmcNuoE75/7x//ljw/wnCuaUnThfe/RcAyuorfK9YkxBBpMWXTqfmjCb/FEsBFniySs+HcOQ==",
        "dependencies": {
          "Microsoft.Extensions.DependencyModel": "2.0.3"
        }
      },
      "NaturalSort.Extension": {
        "type": "Transitive",
        "resolved": "3.2.0",
        "contentHash": "E6DE1xnwGYIwvxMeqW/TwJ882q+NL+TBJtW1x+u5u77HMCupL9qBQUkQikFcZYH0oSBr47qLpC/UYx4atTLdQA=="
      },
      "PolySharp": {
        "type": "Transitive",
        "resolved": "1.10.0",
        "contentHash": "+uNyVhhKOskjJLKOwIQ2qGaA0T507FaMbz5RwLAtmRaMaTAcUAZAiZvSk4Z8z6GkmqOyO1zryYNXmO0Vh7IrYQ=="
      },
      "SerialQueue": {
        "type": "Transitive",
        "resolved": "2.1.0",
        "contentHash": "rmQcrFXgcrqT9M6+xdxAK/JWx1vFuCRT8fTdce4ALdze2/8N5yMRW9Vmkresw+JpL+JC8zuC1HfDkrfVgBUIqA=="
      },
      "Serilog.Extensions.Logging": {
        "type": "Transitive",
        "resolved": "8.0.0",
        "contentHash": "YEAMWu1UnWgf1c1KP85l1SgXGfiVo0Rz6x08pCiPOIBt2Qe18tcZLvdBUuV5o1QHvrs8FAry9wTIhgBRtjIlEg==",
        "dependencies": {
          "Microsoft.Extensions.Logging": "8.0.0",
          "Serilog": "3.1.1"
        }
      },
      "SharpGen.Runtime": {
        "type": "Transitive",
        "resolved": "2.0.0-beta.13",
        "contentHash": "H+Up2Er3ptWzcQ+CAO652fEsBLAmoXqKqtvc/6ycRV9XfLN2XJch0h8CwKQ3muD6eADPFf8Xp+nDQ8wDpcRDlg==",
        "dependencies": {
          "PolySharp": "1.10.0"
        }
      },
      "SharpGen.Runtime.COM": {
        "type": "Transitive",
        "resolved": "2.0.0-beta.13",
        "contentHash": "H22LsE3XTIOevf2TJgPgPnfYmjMlCtN+QYZVxzXlgTrgG2jHSTUTKZpIMPbKliLJGCEnDfX6yvBJvya0/xRTkA==",
        "dependencies": {
          "PolySharp": "1.10.0",
          "SharpGen.Runtime": "2.0.0-beta.13"
        }
      },
      "System.Collections.Immutable": {
        "type": "Transitive",
        "resolved": "7.0.0",
        "contentHash": "dQPcs0U1IKnBdRDBkrCTi1FoajSTBzLcVTpjO4MBCMC7f4pDOIPzgBoX8JjG7X6uZRJ8EBxsi8+DR1JuwjnzOQ=="
      },
      "System.Diagnostics.DiagnosticSource": {
        "type": "Transitive",
        "resolved": "8.0.0",
        "contentHash": "c9xLpVz6PL9lp/djOWtk5KPDZq3cSYpmXoJQY524EOtuFl5z9ZtsotpsyrDW40U1DRnQSYvcPKEUV0X//u6gkQ=="
      },
      "System.Diagnostics.EventLog": {
        "type": "Transitive",
        "resolved": "8.0.0",
        "contentHash": "fdYxcRjQqTTacKId/2IECojlDSFvp7LP5N78+0z/xH7v/Tuw5ZAxu23Y6PTCRinqyu2ePx+Gn1098NC6jM6d+A=="
      },
      "System.IO.Pipelines": {
        "type": "Transitive",
        "resolved": "8.0.0",
        "contentHash": "FHNOatmUq0sqJOkTx+UF/9YK1f180cnW5FVqnQMvYUN0elp6wFzbtPSiqbo1/ru8ICp43JM1i7kKkk6GsNGHlA=="
      },
      "System.Memory": {
        "type": "Transitive",
        "resolved": "4.5.3",
        "contentHash": "3oDzvc/zzetpTKWMShs1AADwZjQ/36HnsufHRPcOjyRAAMLDlu2iD33MBI2opxnezcVUtXyqDXXjoFMOU9c7SA=="
      },
      "System.Numerics.Vectors": {
        "type": "Transitive",
        "resolved": "4.5.0",
        "contentHash": "QQTlPTl06J/iiDbJCiepZ4H//BVraReU4O4EoRw1U02H5TLUIT7xn3GnDp9AXPSlJUDyFs4uWjWafNX6WrAojQ=="
      },
      "System.Reactive": {
        "type": "Transitive",
        "resolved": "5.0.0",
        "contentHash": "erBZjkQHWL9jpasCE/0qKAryzVBJFxGHVBAvgRN1bzM0q2s1S4oYREEEL0Vb+1kA/6BKb5FjUZMp5VXmy+gzkQ=="
      },
      "System.Reflection.Emit": {
        "type": "Transitive",
        "resolved": "4.6.0",
        "contentHash": "qAo4jyXtC9i71iElngX7P2r+zLaiHzxKwf66sc3X91tL5Ks6fnQ1vxL04o7ZSm3sYfLExySL7GN8aTpNYpU1qw=="
      },
      "System.Reflection.Emit.Lightweight": {
        "type": "Transitive",
        "resolved": "4.6.0",
        "contentHash": "j/V5HVvxvBQ7uubYD0PptQW2KGsi1Pc2kZ9yfwLixv3ADdjL/4M78KyC5e+ymW612DY8ZE4PFoZmWpoNmN2mqg=="
      },
      "System.Runtime.CompilerServices.Unsafe": {
        "type": "Transitive",
        "resolved": "6.0.0",
        "contentHash": "/iUeP3tq1S0XdNNoMz5C9twLSrM/TH+qElHkXWaPvuNOt+99G75NrV0OS2EqHx5wMN7popYjpc8oTjC1y16DLg=="
      },
      "System.Text.Encodings.Web": {
        "type": "Transitive",
        "resolved": "8.0.0",
        "contentHash": "yev/k9GHAEGx2Rg3/tU6MQh4HGBXJs70y7j1LaM1i/ER9po+6nnQ6RRqTJn1E7Xu0fbIFK80Nh5EoODxrbxwBQ=="
      },
      "System.Text.Json": {
        "type": "Transitive",
        "resolved": "8.0.0",
        "contentHash": "OdrZO2WjkiEG6ajEFRABTRCi/wuXQPxeV6g8xvUJqdxMvvuCCEk86zPla8UiIQJz3durtUEbNyY/3lIhS0yZvQ==",
        "dependencies": {
          "System.Text.Encodings.Web": "8.0.0"
        }
      },
      "System.Threading.Channels": {
        "type": "Transitive",
        "resolved": "7.0.0",
        "contentHash": "qmeeYNROMsONF6ndEZcIQ+VxR4Q/TX/7uIVLJqtwIWL7dDWeh0l1UIqgo4wYyjG//5lUNhwkLDSFl+pAWO6oiA=="
      },
      "System.Threading.Tasks.Extensions": {
        "type": "Transitive",
        "resolved": "4.5.3",
        "contentHash": "+MvhNtcvIbqmhANyKu91jQnvIRVSTiaOiFNfKWwXGHG48YAb4I/TyH8spsySiPYla7gKal5ZnF3teJqZAximyQ=="
      },
      "Veldrid.MetalBindings": {
        "type": "Transitive",
        "resolved": "4.9.0",
        "contentHash": "9qWYalATCT+/smQzFi2IFyEZpLE1l+A1r3tntKao8sYVAe18+P9rDIvpxyIL4T7Ritfm0JU2TnqckXmLenyfhQ==",
        "dependencies": {
          "System.Runtime.CompilerServices.Unsafe": "6.0.0"
        }
      },
      "Veldrid.OpenGLBindings": {
        "type": "Transitive",
        "resolved": "4.9.0",
        "contentHash": "Du3zr+qWQO2Pzsl2iOeLmg23gxdr6BQ9yx5ygmcoBn6nm1AsbG4JMeEIpSGDt8WiTmy2VsUNY0kIGZklkrRoWQ=="
      },
      "Vk": {
        "type": "Transitive",
        "resolved": "1.0.25",
        "contentHash": "n1tpY/n9YV7j+wViUD31yc6TQMK3tkcdUXUbJUr3vIVifrRySzq5hpdxUnvC0SvBp8WrbAgowwd1YDvtc+u67A=="
      },
      "Vortice.D3DCompiler": {
        "type": "Transitive",
        "resolved": "2.3.0",
        "contentHash": "o7Jimuvr5gXQrriA8JMfNrZX+eiA5NbRPYOpscMICpKE+oKF/CNYXLI5RTQ/NjNpzIsm2QPEehXivL6IS+e40w==",
        "dependencies": {
          "SharpGen.Runtime": "2.0.0-beta.13",
          "SharpGen.Runtime.COM": "2.0.0-beta.13",
          "Vortice.DirectX": "2.3.0",
          "Vortice.Mathematics": "1.4.25"
        }
      },
      "Vortice.Direct3D11": {
        "type": "Transitive",
        "resolved": "2.3.0",
        "contentHash": "cNpadAL5HTm2zc3ZJhySGVJWgOD12RSX3OEk96j24rLdigfAbvzTtFJgn68gHviYMwwY76ukcobhJNDWZc4a3w==",
        "dependencies": {
          "SharpGen.Runtime": "2.0.0-beta.13",
          "SharpGen.Runtime.COM": "2.0.0-beta.13",
          "Vortice.DXGI": "2.3.0",
          "Vortice.Mathematics": "1.4.25"
        }
      },
      "Vortice.DirectX": {
        "type": "Transitive",
        "resolved": "2.3.0",
        "contentHash": "V+MzrsxG5sLW3PQUlJQ6n3xY8jJGx1l/9Gpy6wbgFuZtDSb9MQmDf/gyfRvrRs1vGNKPht+pg1AJ/qWQrfXJoQ==",
        "dependencies": {
          "SharpGen.Runtime": "2.0.0-beta.13",
          "SharpGen.Runtime.COM": "2.0.0-beta.13",
          "Vortice.Mathematics": "1.4.25"
        }
      },
      "Vortice.DXGI": {
        "type": "Transitive",
        "resolved": "2.3.0",
        "contentHash": "eJDvoLjhHMr78+SOSrPIUSr/JboZ7rx62kGrpj2RQZbhP3+pEdHjL+Z6mXLvkEqozFRFspLmTTI7ZnBKfjc9uQ==",
        "dependencies": {
          "SharpGen.Runtime": "2.0.0-beta.13",
          "SharpGen.Runtime.COM": "2.0.0-beta.13",
          "Vortice.DirectX": "2.3.0",
          "Vortice.Mathematics": "1.4.25"
        }
      },
      "Vortice.Mathematics": {
        "type": "Transitive",
        "resolved": "1.4.25",
        "contentHash": "V2yJMl/QKceXEjYEnf2EWcNkUJI5/zE04cNUnawHbdR0wjMHv1dVTLf0IUJk0D0w29FrCWdQQK/n4L4vx0HeQA=="
      },
      "criticalcommonlib": {
        "type": "Project",
        "dependencies": {
          "Dalamud.ContextMenu": "[1.3.1, )",
          "Humanizer.Core": "[2.14.1, )",
          "LuminaSupplemental.Excel": "[2.0.6, )",
          "Microsoft.Extensions.Hosting": "[7.0.1, )",
          "NaturalSort.Extension": "[3.2.0, )",
          "SerialQueue": "[2.1.0, )",
          "System.Reactive": "[5.0.0, )"
        }
      },
      "inventorytools": {
        "type": "Project",
        "dependencies": {
          "Autofac": "[8.0.0, )",
          "Autofac.Extensions.DependencyInjection": "[9.0.0, )",
          "CriticalCommonLib": "[1.0.0, )",
          "CsvHelper": "[30.0.1, )",
          "DalaMock.Host": "[2.0.28, )",
          "DalamudPackager": "[2.1.13, )",
          "Humanizer.Core": "[2.14.1, )",
          "Microsoft.AspNetCore.SignalR.Client": "[7.0.11, )",
          "Microsoft.AspNetCore.SignalR.Protocols.MessagePack": "[7.0.11, )",
          "Microsoft.Extensions.Hosting": "[8.0.0, )",
          "OtterGui": "[1.0.0, )",
          "SerialQueue": "[2.1.0, )",
          "System.Reactive": "[5.0.0, )",
          "Tetris": "[1.0.0, )"
        }
      },
      "ottergui": {
        "type": "Project",
        "dependencies": {
          "JetBrains.Annotations": "[2023.3.0, )",
          "Microsoft.Extensions.DependencyInjection": "[8.0.0, )"
        }
      },
      "tetris": {
        "type": "Project",
        "dependencies": {
          "Dalamud.ContextMenu": "[1.3.1, )",
          "Humanizer.Core": "[2.14.1, )"
        }
      }
    }
  }
}